// !$*UTF8*$!
{
	archiveVersion = 1;
	classes = {
	};
	objectVersion = 46;
	objects = {

/* Begin PBXBuildFile section */
		900220EF1E07136C00CF2C35 /* JZWarningViewCell.m in Sources */ = {isa = PBXBuildFile; fileRef = 900220EE1E07136C00CF2C35 /* JZWarningViewCell.m */; };
		900C6A961E0133D8000E4287 /* sound.mp3 in Resources */ = {isa = PBXBuildFile; fileRef = 900C6A951E0133D8000E4287 /* sound.mp3 */; };
		9018D37E1E07DEA700885E4C /* JZHeaderViewCell.m in Sources */ = {isa = PBXBuildFile; fileRef = 9018D37D1E07DEA700885E4C /* JZHeaderViewCell.m */; };
		9018D3811E07FD4C00885E4C /* JZLabel.m in Sources */ = {isa = PBXBuildFile; fileRef = 9018D3801E07FD4C00885E4C /* JZLabel.m */; };
		9018D3871E080B5B00885E4C /* JZUserViewCell.m in Sources */ = {isa = PBXBuildFile; fileRef = 9018D3861E080B5B00885E4C /* JZUserViewCell.m */; };
		9018D38B1E094CA700885E4C /* JZUserViewController.m in Sources */ = {isa = PBXBuildFile; fileRef = 9018D38A1E094CA700885E4C /* JZUserViewController.m */; };
		901A43141E126F1400BBB3C6 /* JZstatusCell.m in Sources */ = {isa = PBXBuildFile; fileRef = 901A43131E126F1400BBB3C6 /* JZstatusCell.m */; };
		901A43171E126F5800BBB3C6 /* JZOriginalView.m in Sources */ = {isa = PBXBuildFile; fileRef = 901A43161E126F5800BBB3C6 /* JZOriginalView.m */; };
		901A431A1E126F7B00BBB3C6 /* JZRetweeView.m in Sources */ = {isa = PBXBuildFile; fileRef = 901A43191E126F7B00BBB3C6 /* JZRetweeView.m */; };
		901A431D1E126FAC00BBB3C6 /* JZStatusToolBar.m in Sources */ = {isa = PBXBuildFile; fileRef = 901A431C1E126FAC00BBB3C6 /* JZStatusToolBar.m */; };
		901A43201E126FD600BBB3C6 /* JZPhotosView.m in Sources */ = {isa = PBXBuildFile; fileRef = 901A431F1E126FD600BBB3C6 /* JZPhotosView.m */; };
		901A43261E12703800BBB3C6 /* JZPhotoView.m in Sources */ = {isa = PBXBuildFile; fileRef = 901A43251E12703800BBB3C6 /* JZPhotoView.m */; };
		901A43371E12773400BBB3C6 /* MJPhoto.m in Sources */ = {isa = PBXBuildFile; fileRef = 901A43291E12773400BBB3C6 /* MJPhoto.m */; };
		901A43381E12773400BBB3C6 /* MJPhotoBrowser.bundle in Resources */ = {isa = PBXBuildFile; fileRef = 901A432A1E12773400BBB3C6 /* MJPhotoBrowser.bundle */; };
		901A43391E12773400BBB3C6 /* MJPhotoBrowser.m in Sources */ = {isa = PBXBuildFile; fileRef = 901A432C1E12773400BBB3C6 /* MJPhotoBrowser.m */; };
		901A433A1E12773400BBB3C6 /* MJPhotoLoadingView.m in Sources */ = {isa = PBXBuildFile; fileRef = 901A432E1E12773400BBB3C6 /* MJPhotoLoadingView.m */; };
		901A433B1E12773400BBB3C6 /* MJPhotoProgressView.m in Sources */ = {isa = PBXBuildFile; fileRef = 901A43301E12773400BBB3C6 /* MJPhotoProgressView.m */; };
		901A433C1E12773400BBB3C6 /* MJPhotoToolbar.m in Sources */ = {isa = PBXBuildFile; fileRef = 901A43321E12773400BBB3C6 /* MJPhotoToolbar.m */; };
		901A433D1E12773400BBB3C6 /* MJPhotoView.m in Sources */ = {isa = PBXBuildFile; fileRef = 901A43341E12773400BBB3C6 /* MJPhotoView.m */; };
		901A433E1E12773400BBB3C6 /* SDWebImageManager+MJ.m in Sources */ = {isa = PBXBuildFile; fileRef = 901A43361E12773400BBB3C6 /* SDWebImageManager+MJ.m */; };
		901EC34F1E11099000250046 /* JZStatusResult.m in Sources */ = {isa = PBXBuildFile; fileRef = 901EC34E1E11099000250046 /* JZStatusResult.m */; };
		901EC3531E110CCC00250046 /* JZStatus.m in Sources */ = {isa = PBXBuildFile; fileRef = 901EC3521E110CCC00250046 /* JZStatus.m */; };
		901EC3561E110D9800250046 /* JZUser.m in Sources */ = {isa = PBXBuildFile; fileRef = 901EC3551E110D9800250046 /* JZUser.m */; };
		904133831DF2CC64002F7444 /* NSString+JZ.m in Sources */ = {isa = PBXBuildFile; fileRef = 904133821DF2CC64002F7444 /* NSString+JZ.m */; };
		904133C81DF2ECDC002F7444 /* JZTextField.m in Sources */ = {isa = PBXBuildFile; fileRef = 904133C71DF2ECDC002F7444 /* JZTextField.m */; };
		904133CB1DF30488002F7444 /* JZSearchController.m in Sources */ = {isa = PBXBuildFile; fileRef = 904133CA1DF30488002F7444 /* JZSearchController.m */; };
		904B7AC31DF413C8003EB848 /* JZPublicController.m in Sources */ = {isa = PBXBuildFile; fileRef = 904B7AC21DF413C8003EB848 /* JZPublicController.m */; };
		904B7AC61DF45B9D003EB848 /* JZTextView.m in Sources */ = {isa = PBXBuildFile; fileRef = 904B7AC51DF45B9D003EB848 /* JZTextView.m */; };
		904C69491DF165F700A911CA /* JZButtonsCell.m in Sources */ = {isa = PBXBuildFile; fileRef = 904C69481DF165F700A911CA /* JZButtonsCell.m */; };
		904C694C1DF1662500A911CA /* JZPictureCell.m in Sources */ = {isa = PBXBuildFile; fileRef = 904C694B1DF1662500A911CA /* JZPictureCell.m */; };
		904C694F1DF16D9000A911CA /* JZButton.m in Sources */ = {isa = PBXBuildFile; fileRef = 904C694E1DF16D9000A911CA /* JZButton.m */; };
		904C69521DF1D1CB00A911CA /* JZDefaultCell.m in Sources */ = {isa = PBXBuildFile; fileRef = 904C69511DF1D1CB00A911CA /* JZDefaultCell.m */; };
		90508C601E0D1CA000AED49F /* QuartzCore.framework in Frameworks */ = {isa = PBXBuildFile; fileRef = 90508C5F1E0D1CA000AED49F /* QuartzCore.framework */; };
		90508C621E0D1CAB00AED49F /* ImageIO.framework in Frameworks */ = {isa = PBXBuildFile; fileRef = 90508C611E0D1CAB00AED49F /* ImageIO.framework */; };
		90508C641E0D1CB800AED49F /* SystemConfiguration.framework in Frameworks */ = {isa = PBXBuildFile; fileRef = 90508C631E0D1CB800AED49F /* SystemConfiguration.framework */; };
		90508C661E0D1CC200AED49F /* Security.framework in Frameworks */ = {isa = PBXBuildFile; fileRef = 90508C651E0D1CC200AED49F /* Security.framework */; };
		90508C681E0D1CCF00AED49F /* CoreTelephony.framework in Frameworks */ = {isa = PBXBuildFile; fileRef = 90508C671E0D1CCF00AED49F /* CoreTelephony.framework */; };
		90508C6A1E0D1CDD00AED49F /* UIKit.framework in Frameworks */ = {isa = PBXBuildFile; fileRef = 90508C691E0D1CDD00AED49F /* UIKit.framework */; };
		90508C6C1E0D1CE900AED49F /* Foundation.framework in Frameworks */ = {isa = PBXBuildFile; fileRef = 90508C6B1E0D1CE900AED49F /* Foundation.framework */; };
		90508C6E1E0D1CF700AED49F /* CoreGraphics.framework in Frameworks */ = {isa = PBXBuildFile; fileRef = 90508C6D1E0D1CF700AED49F /* CoreGraphics.framework */; };
		90508C701E0D1D0A00AED49F /* CoreText.framework in Frameworks */ = {isa = PBXBuildFile; fileRef = 90508C6F1E0D1D0A00AED49F /* CoreText.framework */; };
		90508C761E0EFD2C00AED49F /* JZTestViewController.m in Sources */ = {isa = PBXBuildFile; fileRef = 90508C751E0EFD2C00AED49F /* JZTestViewController.m */; };
		90508C791E0EFD6500AED49F /* JZWeiboTestViewController.m in Sources */ = {isa = PBXBuildFile; fileRef = 90508C781E0EFD6500AED49F /* JZWeiboTestViewController.m */; };
		90508C7B1E0F040400AED49F /* libc++.tbd in Frameworks */ = {isa = PBXBuildFile; fileRef = 90508C7A1E0F040400AED49F /* libc++.tbd */; };
		90508C7D1E0F041400AED49F /* libz.tbd in Frameworks */ = {isa = PBXBuildFile; fileRef = 90508C7C1E0F041400AED49F /* libz.tbd */; };
		90508C7F1E0F042700AED49F /* libstdc++.tbd in Frameworks */ = {isa = PBXBuildFile; fileRef = 90508C7E1E0F042700AED49F /* libstdc++.tbd */; };
		90508C811E0F044600AED49F /* libsqlite3.tbd in Frameworks */ = {isa = PBXBuildFile; fileRef = 90508C801E0F044600AED49F /* libsqlite3.tbd */; };
		90508C831E0F047100AED49F /* libiconv.tbd in Frameworks */ = {isa = PBXBuildFile; fileRef = 90508C821E0F047100AED49F /* libiconv.tbd */; };
		90508C8B1E0FB9C000AED49F /* WTThirdPartyLoginManager.m in Sources */ = {isa = PBXBuildFile; fileRef = 90508C8A1E0FB9C000AED49F /* WTThirdPartyLoginManager.m */; };
		90508C8F1E0FBF4500AED49F /* JZLoginViewController.m in Sources */ = {isa = PBXBuildFile; fileRef = 90508C8E1E0FBF4500AED49F /* JZLoginViewController.m */; };
		90508CA71E0FEBE500AED49F /* iconfont.ttf in Resources */ = {isa = PBXBuildFile; fileRef = 90508C9F1E0FEBE500AED49F /* iconfont.ttf */; };
		90508CA81E0FEBE500AED49F /* TBCityIconFont.m in Sources */ = {isa = PBXBuildFile; fileRef = 90508CA21E0FEBE500AED49F /* TBCityIconFont.m */; };
		90508CA91E0FEBE500AED49F /* TBCityIconInfo.m in Sources */ = {isa = PBXBuildFile; fileRef = 90508CA41E0FEBE500AED49F /* TBCityIconInfo.m */; };
		90508CAA1E0FEBE500AED49F /* UIImage+TBCityIconFont.m in Sources */ = {isa = PBXBuildFile; fileRef = 90508CA61E0FEBE500AED49F /* UIImage+TBCityIconFont.m */; };
		90508CB21E0FFB3900AED49F /* JZBaseViewController.m in Sources */ = {isa = PBXBuildFile; fileRef = 90508CAD1E0FFB3900AED49F /* JZBaseViewController.m */; };
		90508CB31E0FFB3900AED49F /* JZNavigationController.m in Sources */ = {isa = PBXBuildFile; fileRef = 90508CAF1E0FFB3900AED49F /* JZNavigationController.m */; };
		90508CB41E0FFB3900AED49F /* JZTabBarController.m in Sources */ = {isa = PBXBuildFile; fileRef = 90508CB11E0FFB3900AED49F /* JZTabBarController.m */; };
		90508CB81E0FFC5600AED49F /* JZAccount.m in Sources */ = {isa = PBXBuildFile; fileRef = 90508CB71E0FFC5600AED49F /* JZAccount.m */; };
		90508CBB1E0FFF0300AED49F /* JZAccountTool.m in Sources */ = {isa = PBXBuildFile; fileRef = 90508CBA1E0FFF0300AED49F /* JZAccountTool.m */; };
		90508CC31E10353700AED49F /* JZStatusTool.m in Sources */ = {isa = PBXBuildFile; fileRef = 90508CC21E10353700AED49F /* JZStatusTool.m */; };
		90508CC71E10365300AED49F /* JZStatusParam.m in Sources */ = {isa = PBXBuildFile; fileRef = 90508CC61E10365300AED49F /* JZStatusParam.m */; };
		90508CCB1E103A0600AED49F /* JZHttpTool.m in Sources */ = {isa = PBXBuildFile; fileRef = 90508CCA1E103A0600AED49F /* JZHttpTool.m */; };
		90756E811DEDF9250054BB1D /* main.m in Sources */ = {isa = PBXBuildFile; fileRef = 90756E801DEDF9250054BB1D /* main.m */; };
		90756E8A1DEDF9250054BB1D /* Main.storyboard in Resources */ = {isa = PBXBuildFile; fileRef = 90756E881DEDF9250054BB1D /* Main.storyboard */; };
		90756E8C1DEDF9250054BB1D /* Assets.xcassets in Resources */ = {isa = PBXBuildFile; fileRef = 90756E8B1DEDF9250054BB1D /* Assets.xcassets */; };
		90756E8F1DEDF9250054BB1D /* LaunchScreen.storyboard in Resources */ = {isa = PBXBuildFile; fileRef = 90756E8D1DEDF9250054BB1D /* LaunchScreen.storyboard */; };
		90756E9A1DEDF9250054BB1D /* HephaestusTests.m in Sources */ = {isa = PBXBuildFile; fileRef = 90756E991DEDF9250054BB1D /* HephaestusTests.m */; };
		90756EA51DEDF9250054BB1D /* HephaestusUITests.m in Sources */ = {isa = PBXBuildFile; fileRef = 90756EA41DEDF9250054BB1D /* HephaestusUITests.m */; };
		90756EB81DEDF9E90054BB1D /* AppDelegate.m in Sources */ = {isa = PBXBuildFile; fileRef = 90756EB61DEDF9E90054BB1D /* AppDelegate.m */; };
		90756EE11DEDFD4F0054BB1D /* JZConcernController.m in Sources */ = {isa = PBXBuildFile; fileRef = 90756EE01DEDFD4F0054BB1D /* JZConcernController.m */; };
		90756EE41DEDFD7A0054BB1D /* JZClassifyController.m in Sources */ = {isa = PBXBuildFile; fileRef = 90756EE31DEDFD7A0054BB1D /* JZClassifyController.m */; };
		90756EE71DEDFDA90054BB1D /* JZHomeController.m in Sources */ = {isa = PBXBuildFile; fileRef = 90756EE61DEDFDA90054BB1D /* JZHomeController.m */; };
		90756EEA1DEDFDD10054BB1D /* JZProfileController.m in Sources */ = {isa = PBXBuildFile; fileRef = 90756EE91DEDFDD10054BB1D /* JZProfileController.m */; };
		90756EEE1DEDFEFD0054BB1D /* UIImage+JZ.m in Sources */ = {isa = PBXBuildFile; fileRef = 90756EED1DEDFEFD0054BB1D /* UIImage+JZ.m */; };
		909A980D1DF8429F00BCD7F4 /* LXDScanCodeController.m in Sources */ = {isa = PBXBuildFile; fileRef = 909A980A1DF8429F00BCD7F4 /* LXDScanCodeController.m */; };
		909A980E1DF8429F00BCD7F4 /* LXDScanView.m in Sources */ = {isa = PBXBuildFile; fileRef = 909A980C1DF8429F00BCD7F4 /* LXDScanView.m */; };
		90CA5A601DF47DE30046C371 /* UIView+JZFrame.m in Sources */ = {isa = PBXBuildFile; fileRef = 90CA5A5F1DF47DE30046C371 /* UIView+JZFrame.m */; };
		90D9282D1E110FBD004DEDC9 /* JZPhoto.m in Sources */ = {isa = PBXBuildFile; fileRef = 90D9282C1E110FBD004DEDC9 /* JZPhoto.m */; };
		90D928301E1177D1004DEDC9 /* JZStatusFrame.m in Sources */ = {isa = PBXBuildFile; fileRef = 90D9282F1E1177D1004DEDC9 /* JZStatusFrame.m */; };
		90F3EA2F1E03DF9800559C06 /* JZCameraController.m in Sources */ = {isa = PBXBuildFile; fileRef = 90F3EA2E1E03DF9800559C06 /* JZCameraController.m */; };
		B702DE433CA1C0A3174E9241 /* libPods-Hephaestus.a in Frameworks */ = {isa = PBXBuildFile; fileRef = C61A3C9BB6379878490C46D1 /* libPods-Hephaestus.a */; };
/* End PBXBuildFile section */

/* Begin PBXContainerItemProxy section */
		90756E961DEDF9250054BB1D /* PBXContainerItemProxy */ = {
			isa = PBXContainerItemProxy;
			containerPortal = 90756E741DEDF9250054BB1D /* Project object */;
			proxyType = 1;
			remoteGlobalIDString = 90756E7B1DEDF9250054BB1D;
			remoteInfo = Hephaestus;
		};
		90756EA11DEDF9250054BB1D /* PBXContainerItemProxy */ = {
			isa = PBXContainerItemProxy;
			containerPortal = 90756E741DEDF9250054BB1D /* Project object */;
			proxyType = 1;
			remoteGlobalIDString = 90756E7B1DEDF9250054BB1D;
			remoteInfo = Hephaestus;
		};
/* End PBXContainerItemProxy section */

/* Begin PBXFileReference section */
		8A14EC27A4E47B5526DBA16F /* Pods-Hephaestus.release.xcconfig */ = {isa = PBXFileReference; includeInIndex = 1; lastKnownFileType = text.xcconfig; name = "Pods-Hephaestus.release.xcconfig"; path = "Pods/Target Support Files/Pods-Hephaestus/Pods-Hephaestus.release.xcconfig"; sourceTree = "<group>"; };
		900220ED1E07136C00CF2C35 /* JZWarningViewCell.h */ = {isa = PBXFileReference; fileEncoding = 4; lastKnownFileType = sourcecode.c.h; path = JZWarningViewCell.h; sourceTree = "<group>"; };
		900220EE1E07136C00CF2C35 /* JZWarningViewCell.m */ = {isa = PBXFileReference; fileEncoding = 4; lastKnownFileType = sourcecode.c.objc; path = JZWarningViewCell.m; sourceTree = "<group>"; };
		900C6A951E0133D8000E4287 /* sound.mp3 */ = {isa = PBXFileReference; lastKnownFileType = audio.mp3; path = sound.mp3; sourceTree = "<group>"; };
		9018D37C1E07DEA700885E4C /* JZHeaderViewCell.h */ = {isa = PBXFileReference; fileEncoding = 4; lastKnownFileType = sourcecode.c.h; path = JZHeaderViewCell.h; sourceTree = "<group>"; };
		9018D37D1E07DEA700885E4C /* JZHeaderViewCell.m */ = {isa = PBXFileReference; fileEncoding = 4; lastKnownFileType = sourcecode.c.objc; path = JZHeaderViewCell.m; sourceTree = "<group>"; };
		9018D37F1E07FD4C00885E4C /* JZLabel.h */ = {isa = PBXFileReference; fileEncoding = 4; lastKnownFileType = sourcecode.c.h; path = JZLabel.h; sourceTree = "<group>"; };
		9018D3801E07FD4C00885E4C /* JZLabel.m */ = {isa = PBXFileReference; fileEncoding = 4; lastKnownFileType = sourcecode.c.objc; path = JZLabel.m; sourceTree = "<group>"; };
		9018D3851E080B5B00885E4C /* JZUserViewCell.h */ = {isa = PBXFileReference; fileEncoding = 4; lastKnownFileType = sourcecode.c.h; path = JZUserViewCell.h; sourceTree = "<group>"; };
		9018D3861E080B5B00885E4C /* JZUserViewCell.m */ = {isa = PBXFileReference; fileEncoding = 4; lastKnownFileType = sourcecode.c.objc; path = JZUserViewCell.m; sourceTree = "<group>"; };
		9018D3891E094CA700885E4C /* JZUserViewController.h */ = {isa = PBXFileReference; fileEncoding = 4; lastKnownFileType = sourcecode.c.h; path = JZUserViewController.h; sourceTree = "<group>"; };
		9018D38A1E094CA700885E4C /* JZUserViewController.m */ = {isa = PBXFileReference; fileEncoding = 4; lastKnownFileType = sourcecode.c.objc; path = JZUserViewController.m; sourceTree = "<group>"; };
		901A43121E126F1400BBB3C6 /* JZstatusCell.h */ = {isa = PBXFileReference; fileEncoding = 4; lastKnownFileType = sourcecode.c.h; path = JZstatusCell.h; sourceTree = "<group>"; };
		901A43131E126F1400BBB3C6 /* JZstatusCell.m */ = {isa = PBXFileReference; fileEncoding = 4; lastKnownFileType = sourcecode.c.objc; path = JZstatusCell.m; sourceTree = "<group>"; };
		901A43151E126F5800BBB3C6 /* JZOriginalView.h */ = {isa = PBXFileReference; fileEncoding = 4; lastKnownFileType = sourcecode.c.h; path = JZOriginalView.h; sourceTree = "<group>"; };
		901A43161E126F5800BBB3C6 /* JZOriginalView.m */ = {isa = PBXFileReference; fileEncoding = 4; lastKnownFileType = sourcecode.c.objc; path = JZOriginalView.m; sourceTree = "<group>"; };
		901A43181E126F7B00BBB3C6 /* JZRetweeView.h */ = {isa = PBXFileReference; fileEncoding = 4; lastKnownFileType = sourcecode.c.h; path = JZRetweeView.h; sourceTree = "<group>"; };
		901A43191E126F7B00BBB3C6 /* JZRetweeView.m */ = {isa = PBXFileReference; fileEncoding = 4; lastKnownFileType = sourcecode.c.objc; path = JZRetweeView.m; sourceTree = "<group>"; };
		901A431B1E126FAC00BBB3C6 /* JZStatusToolBar.h */ = {isa = PBXFileReference; fileEncoding = 4; lastKnownFileType = sourcecode.c.h; path = JZStatusToolBar.h; sourceTree = "<group>"; };
		901A431C1E126FAC00BBB3C6 /* JZStatusToolBar.m */ = {isa = PBXFileReference; fileEncoding = 4; lastKnownFileType = sourcecode.c.objc; path = JZStatusToolBar.m; sourceTree = "<group>"; };
		901A431E1E126FD600BBB3C6 /* JZPhotosView.h */ = {isa = PBXFileReference; fileEncoding = 4; lastKnownFileType = sourcecode.c.h; path = JZPhotosView.h; sourceTree = "<group>"; };
		901A431F1E126FD600BBB3C6 /* JZPhotosView.m */ = {isa = PBXFileReference; fileEncoding = 4; lastKnownFileType = sourcecode.c.objc; path = JZPhotosView.m; sourceTree = "<group>"; };
		901A43241E12703800BBB3C6 /* JZPhotoView.h */ = {isa = PBXFileReference; fileEncoding = 4; lastKnownFileType = sourcecode.c.h; path = JZPhotoView.h; sourceTree = "<group>"; };
		901A43251E12703800BBB3C6 /* JZPhotoView.m */ = {isa = PBXFileReference; fileEncoding = 4; lastKnownFileType = sourcecode.c.objc; path = JZPhotoView.m; sourceTree = "<group>"; };
		901A43281E12773400BBB3C6 /* MJPhoto.h */ = {isa = PBXFileReference; fileEncoding = 4; lastKnownFileType = sourcecode.c.h; path = MJPhoto.h; sourceTree = "<group>"; };
		901A43291E12773400BBB3C6 /* MJPhoto.m */ = {isa = PBXFileReference; fileEncoding = 4; lastKnownFileType = sourcecode.c.objc; path = MJPhoto.m; sourceTree = "<group>"; };
		901A432A1E12773400BBB3C6 /* MJPhotoBrowser.bundle */ = {isa = PBXFileReference; lastKnownFileType = "wrapper.plug-in"; path = MJPhotoBrowser.bundle; sourceTree = "<group>"; };
		901A432B1E12773400BBB3C6 /* MJPhotoBrowser.h */ = {isa = PBXFileReference; fileEncoding = 4; lastKnownFileType = sourcecode.c.h; path = MJPhotoBrowser.h; sourceTree = "<group>"; };
		901A432C1E12773400BBB3C6 /* MJPhotoBrowser.m */ = {isa = PBXFileReference; fileEncoding = 4; lastKnownFileType = sourcecode.c.objc; path = MJPhotoBrowser.m; sourceTree = "<group>"; };
		901A432D1E12773400BBB3C6 /* MJPhotoLoadingView.h */ = {isa = PBXFileReference; fileEncoding = 4; lastKnownFileType = sourcecode.c.h; path = MJPhotoLoadingView.h; sourceTree = "<group>"; };
		901A432E1E12773400BBB3C6 /* MJPhotoLoadingView.m */ = {isa = PBXFileReference; fileEncoding = 4; lastKnownFileType = sourcecode.c.objc; path = MJPhotoLoadingView.m; sourceTree = "<group>"; };
		901A432F1E12773400BBB3C6 /* MJPhotoProgressView.h */ = {isa = PBXFileReference; fileEncoding = 4; lastKnownFileType = sourcecode.c.h; path = MJPhotoProgressView.h; sourceTree = "<group>"; };
		901A43301E12773400BBB3C6 /* MJPhotoProgressView.m */ = {isa = PBXFileReference; fileEncoding = 4; lastKnownFileType = sourcecode.c.objc; path = MJPhotoProgressView.m; sourceTree = "<group>"; };
		901A43311E12773400BBB3C6 /* MJPhotoToolbar.h */ = {isa = PBXFileReference; fileEncoding = 4; lastKnownFileType = sourcecode.c.h; path = MJPhotoToolbar.h; sourceTree = "<group>"; };
		901A43321E12773400BBB3C6 /* MJPhotoToolbar.m */ = {isa = PBXFileReference; fileEncoding = 4; lastKnownFileType = sourcecode.c.objc; path = MJPhotoToolbar.m; sourceTree = "<group>"; };
		901A43331E12773400BBB3C6 /* MJPhotoView.h */ = {isa = PBXFileReference; fileEncoding = 4; lastKnownFileType = sourcecode.c.h; path = MJPhotoView.h; sourceTree = "<group>"; };
		901A43341E12773400BBB3C6 /* MJPhotoView.m */ = {isa = PBXFileReference; fileEncoding = 4; lastKnownFileType = sourcecode.c.objc; path = MJPhotoView.m; sourceTree = "<group>"; };
		901A43351E12773400BBB3C6 /* SDWebImageManager+MJ.h */ = {isa = PBXFileReference; fileEncoding = 4; lastKnownFileType = sourcecode.c.h; path = "SDWebImageManager+MJ.h"; sourceTree = "<group>"; };
		901A43361E12773400BBB3C6 /* SDWebImageManager+MJ.m */ = {isa = PBXFileReference; fileEncoding = 4; lastKnownFileType = sourcecode.c.objc; path = "SDWebImageManager+MJ.m"; sourceTree = "<group>"; };
		901B38E11E0C1CD5006A4E30 /* PrefixHeader.pch */ = {isa = PBXFileReference; lastKnownFileType = sourcecode.c.h; path = PrefixHeader.pch; sourceTree = "<group>"; };
		901EC34D1E11099000250046 /* JZStatusResult.h */ = {isa = PBXFileReference; fileEncoding = 4; lastKnownFileType = sourcecode.c.h; path = JZStatusResult.h; sourceTree = "<group>"; };
		901EC34E1E11099000250046 /* JZStatusResult.m */ = {isa = PBXFileReference; fileEncoding = 4; lastKnownFileType = sourcecode.c.objc; path = JZStatusResult.m; sourceTree = "<group>"; };
		901EC3511E110CCC00250046 /* JZStatus.h */ = {isa = PBXFileReference; fileEncoding = 4; lastKnownFileType = sourcecode.c.h; path = JZStatus.h; sourceTree = "<group>"; };
		901EC3521E110CCC00250046 /* JZStatus.m */ = {isa = PBXFileReference; fileEncoding = 4; lastKnownFileType = sourcecode.c.objc; path = JZStatus.m; sourceTree = "<group>"; };
		901EC3541E110D9800250046 /* JZUser.h */ = {isa = PBXFileReference; fileEncoding = 4; lastKnownFileType = sourcecode.c.h; path = JZUser.h; sourceTree = "<group>"; };
		901EC3551E110D9800250046 /* JZUser.m */ = {isa = PBXFileReference; fileEncoding = 4; lastKnownFileType = sourcecode.c.objc; path = JZUser.m; sourceTree = "<group>"; };
		904133811DF2CC64002F7444 /* NSString+JZ.h */ = {isa = PBXFileReference; fileEncoding = 4; lastKnownFileType = sourcecode.c.h; path = "NSString+JZ.h"; sourceTree = "<group>"; };
		904133821DF2CC64002F7444 /* NSString+JZ.m */ = {isa = PBXFileReference; fileEncoding = 4; lastKnownFileType = sourcecode.c.objc; path = "NSString+JZ.m"; sourceTree = "<group>"; };
		904133C61DF2ECDC002F7444 /* JZTextField.h */ = {isa = PBXFileReference; fileEncoding = 4; lastKnownFileType = sourcecode.c.h; path = JZTextField.h; sourceTree = "<group>"; };
		904133C71DF2ECDC002F7444 /* JZTextField.m */ = {isa = PBXFileReference; fileEncoding = 4; lastKnownFileType = sourcecode.c.objc; path = JZTextField.m; sourceTree = "<group>"; };
		904133C91DF30488002F7444 /* JZSearchController.h */ = {isa = PBXFileReference; fileEncoding = 4; lastKnownFileType = sourcecode.c.h; path = JZSearchController.h; sourceTree = "<group>"; };
		904133CA1DF30488002F7444 /* JZSearchController.m */ = {isa = PBXFileReference; fileEncoding = 4; lastKnownFileType = sourcecode.c.objc; path = JZSearchController.m; sourceTree = "<group>"; };
		904B7AC11DF413C8003EB848 /* JZPublicController.h */ = {isa = PBXFileReference; fileEncoding = 4; lastKnownFileType = sourcecode.c.h; path = JZPublicController.h; sourceTree = "<group>"; };
		904B7AC21DF413C8003EB848 /* JZPublicController.m */ = {isa = PBXFileReference; fileEncoding = 4; lastKnownFileType = sourcecode.c.objc; path = JZPublicController.m; sourceTree = "<group>"; };
		904B7AC41DF45B9D003EB848 /* JZTextView.h */ = {isa = PBXFileReference; fileEncoding = 4; lastKnownFileType = sourcecode.c.h; path = JZTextView.h; sourceTree = "<group>"; };
		904B7AC51DF45B9D003EB848 /* JZTextView.m */ = {isa = PBXFileReference; fileEncoding = 4; lastKnownFileType = sourcecode.c.objc; path = JZTextView.m; sourceTree = "<group>"; };
		904C69471DF165F700A911CA /* JZButtonsCell.h */ = {isa = PBXFileReference; fileEncoding = 4; lastKnownFileType = sourcecode.c.h; path = JZButtonsCell.h; sourceTree = "<group>"; };
		904C69481DF165F700A911CA /* JZButtonsCell.m */ = {isa = PBXFileReference; fileEncoding = 4; lastKnownFileType = sourcecode.c.objc; path = JZButtonsCell.m; sourceTree = "<group>"; };
		904C694A1DF1662500A911CA /* JZPictureCell.h */ = {isa = PBXFileReference; fileEncoding = 4; lastKnownFileType = sourcecode.c.h; path = JZPictureCell.h; sourceTree = "<group>"; };
		904C694B1DF1662500A911CA /* JZPictureCell.m */ = {isa = PBXFileReference; fileEncoding = 4; lastKnownFileType = sourcecode.c.objc; path = JZPictureCell.m; sourceTree = "<group>"; };
		904C694D1DF16D9000A911CA /* JZButton.h */ = {isa = PBXFileReference; fileEncoding = 4; lastKnownFileType = sourcecode.c.h; path = JZButton.h; sourceTree = "<group>"; };
		904C694E1DF16D9000A911CA /* JZButton.m */ = {isa = PBXFileReference; fileEncoding = 4; lastKnownFileType = sourcecode.c.objc; path = JZButton.m; sourceTree = "<group>"; };
		904C69501DF1D1CB00A911CA /* JZDefaultCell.h */ = {isa = PBXFileReference; fileEncoding = 4; lastKnownFileType = sourcecode.c.h; path = JZDefaultCell.h; sourceTree = "<group>"; };
		904C69511DF1D1CB00A911CA /* JZDefaultCell.m */ = {isa = PBXFileReference; fileEncoding = 4; lastKnownFileType = sourcecode.c.objc; path = JZDefaultCell.m; sourceTree = "<group>"; };
		90508C5F1E0D1CA000AED49F /* QuartzCore.framework */ = {isa = PBXFileReference; lastKnownFileType = wrapper.framework; name = QuartzCore.framework; path = System/Library/Frameworks/QuartzCore.framework; sourceTree = SDKROOT; };
		90508C611E0D1CAB00AED49F /* ImageIO.framework */ = {isa = PBXFileReference; lastKnownFileType = wrapper.framework; name = ImageIO.framework; path = System/Library/Frameworks/ImageIO.framework; sourceTree = SDKROOT; };
		90508C631E0D1CB800AED49F /* SystemConfiguration.framework */ = {isa = PBXFileReference; lastKnownFileType = wrapper.framework; name = SystemConfiguration.framework; path = System/Library/Frameworks/SystemConfiguration.framework; sourceTree = SDKROOT; };
		90508C651E0D1CC200AED49F /* Security.framework */ = {isa = PBXFileReference; lastKnownFileType = wrapper.framework; name = Security.framework; path = System/Library/Frameworks/Security.framework; sourceTree = SDKROOT; };
		90508C671E0D1CCF00AED49F /* CoreTelephony.framework */ = {isa = PBXFileReference; lastKnownFileType = wrapper.framework; name = CoreTelephony.framework; path = System/Library/Frameworks/CoreTelephony.framework; sourceTree = SDKROOT; };
		90508C691E0D1CDD00AED49F /* UIKit.framework */ = {isa = PBXFileReference; lastKnownFileType = wrapper.framework; name = UIKit.framework; path = System/Library/Frameworks/UIKit.framework; sourceTree = SDKROOT; };
		90508C6B1E0D1CE900AED49F /* Foundation.framework */ = {isa = PBXFileReference; lastKnownFileType = wrapper.framework; name = Foundation.framework; path = System/Library/Frameworks/Foundation.framework; sourceTree = SDKROOT; };
		90508C6D1E0D1CF700AED49F /* CoreGraphics.framework */ = {isa = PBXFileReference; lastKnownFileType = wrapper.framework; name = CoreGraphics.framework; path = System/Library/Frameworks/CoreGraphics.framework; sourceTree = SDKROOT; };
		90508C6F1E0D1D0A00AED49F /* CoreText.framework */ = {isa = PBXFileReference; lastKnownFileType = wrapper.framework; name = CoreText.framework; path = System/Library/Frameworks/CoreText.framework; sourceTree = SDKROOT; };
		90508C711E0D1D4D00AED49F /* libz.1.2.8.tbd */ = {isa = PBXFileReference; lastKnownFileType = "sourcecode.text-based-dylib-definition"; name = libz.1.2.8.tbd; path = usr/lib/libz.1.2.8.tbd; sourceTree = SDKROOT; };
		90508C741E0EFD2C00AED49F /* JZTestViewController.h */ = {isa = PBXFileReference; fileEncoding = 4; lastKnownFileType = sourcecode.c.h; path = JZTestViewController.h; sourceTree = "<group>"; };
		90508C751E0EFD2C00AED49F /* JZTestViewController.m */ = {isa = PBXFileReference; fileEncoding = 4; lastKnownFileType = sourcecode.c.objc; path = JZTestViewController.m; sourceTree = "<group>"; };
		90508C771E0EFD6500AED49F /* JZWeiboTestViewController.h */ = {isa = PBXFileReference; fileEncoding = 4; lastKnownFileType = sourcecode.c.h; path = JZWeiboTestViewController.h; sourceTree = "<group>"; };
		90508C781E0EFD6500AED49F /* JZWeiboTestViewController.m */ = {isa = PBXFileReference; fileEncoding = 4; lastKnownFileType = sourcecode.c.objc; path = JZWeiboTestViewController.m; sourceTree = "<group>"; };
		90508C7A1E0F040400AED49F /* libc++.tbd */ = {isa = PBXFileReference; lastKnownFileType = "sourcecode.text-based-dylib-definition"; name = "libc++.tbd"; path = "usr/lib/libc++.tbd"; sourceTree = SDKROOT; };
		90508C7C1E0F041400AED49F /* libz.tbd */ = {isa = PBXFileReference; lastKnownFileType = "sourcecode.text-based-dylib-definition"; name = libz.tbd; path = usr/lib/libz.tbd; sourceTree = SDKROOT; };
		90508C7E1E0F042700AED49F /* libstdc++.tbd */ = {isa = PBXFileReference; lastKnownFileType = "sourcecode.text-based-dylib-definition"; name = "libstdc++.tbd"; path = "usr/lib/libstdc++.tbd"; sourceTree = SDKROOT; };
		90508C801E0F044600AED49F /* libsqlite3.tbd */ = {isa = PBXFileReference; lastKnownFileType = "sourcecode.text-based-dylib-definition"; name = libsqlite3.tbd; path = usr/lib/libsqlite3.tbd; sourceTree = SDKROOT; };
		90508C821E0F047100AED49F /* libiconv.tbd */ = {isa = PBXFileReference; lastKnownFileType = "sourcecode.text-based-dylib-definition"; name = libiconv.tbd; path = usr/lib/libiconv.tbd; sourceTree = SDKROOT; };
		90508C891E0FB9C000AED49F /* WTThirdPartyLoginManager.h */ = {isa = PBXFileReference; fileEncoding = 4; lastKnownFileType = sourcecode.c.h; path = WTThirdPartyLoginManager.h; sourceTree = "<group>"; };
		90508C8A1E0FB9C000AED49F /* WTThirdPartyLoginManager.m */ = {isa = PBXFileReference; fileEncoding = 4; lastKnownFileType = sourcecode.c.objc; path = WTThirdPartyLoginManager.m; sourceTree = "<group>"; };
		90508C8D1E0FBF4500AED49F /* JZLoginViewController.h */ = {isa = PBXFileReference; fileEncoding = 4; lastKnownFileType = sourcecode.c.h; path = JZLoginViewController.h; sourceTree = "<group>"; };
		90508C8E1E0FBF4500AED49F /* JZLoginViewController.m */ = {isa = PBXFileReference; fileEncoding = 4; lastKnownFileType = sourcecode.c.objc; path = JZLoginViewController.m; sourceTree = "<group>"; };
		90508C9F1E0FEBE500AED49F /* iconfont.ttf */ = {isa = PBXFileReference; lastKnownFileType = file; path = iconfont.ttf; sourceTree = "<group>"; };
		90508CA11E0FEBE500AED49F /* TBCityIconFont.h */ = {isa = PBXFileReference; fileEncoding = 4; lastKnownFileType = sourcecode.c.h; path = TBCityIconFont.h; sourceTree = "<group>"; };
		90508CA21E0FEBE500AED49F /* TBCityIconFont.m */ = {isa = PBXFileReference; fileEncoding = 4; lastKnownFileType = sourcecode.c.objc; path = TBCityIconFont.m; sourceTree = "<group>"; };
		90508CA31E0FEBE500AED49F /* TBCityIconInfo.h */ = {isa = PBXFileReference; fileEncoding = 4; lastKnownFileType = sourcecode.c.h; path = TBCityIconInfo.h; sourceTree = "<group>"; };
		90508CA41E0FEBE500AED49F /* TBCityIconInfo.m */ = {isa = PBXFileReference; fileEncoding = 4; lastKnownFileType = sourcecode.c.objc; path = TBCityIconInfo.m; sourceTree = "<group>"; };
		90508CA51E0FEBE500AED49F /* UIImage+TBCityIconFont.h */ = {isa = PBXFileReference; fileEncoding = 4; lastKnownFileType = sourcecode.c.h; path = "UIImage+TBCityIconFont.h"; sourceTree = "<group>"; };
		90508CA61E0FEBE500AED49F /* UIImage+TBCityIconFont.m */ = {isa = PBXFileReference; fileEncoding = 4; lastKnownFileType = sourcecode.c.objc; path = "UIImage+TBCityIconFont.m"; sourceTree = "<group>"; };
		90508CAC1E0FFB3900AED49F /* JZBaseViewController.h */ = {isa = PBXFileReference; fileEncoding = 4; lastKnownFileType = sourcecode.c.h; path = JZBaseViewController.h; sourceTree = "<group>"; };
		90508CAD1E0FFB3900AED49F /* JZBaseViewController.m */ = {isa = PBXFileReference; fileEncoding = 4; lastKnownFileType = sourcecode.c.objc; path = JZBaseViewController.m; sourceTree = "<group>"; };
		90508CAE1E0FFB3900AED49F /* JZNavigationController.h */ = {isa = PBXFileReference; fileEncoding = 4; lastKnownFileType = sourcecode.c.h; path = JZNavigationController.h; sourceTree = "<group>"; };
		90508CAF1E0FFB3900AED49F /* JZNavigationController.m */ = {isa = PBXFileReference; fileEncoding = 4; lastKnownFileType = sourcecode.c.objc; path = JZNavigationController.m; sourceTree = "<group>"; };
		90508CB01E0FFB3900AED49F /* JZTabBarController.h */ = {isa = PBXFileReference; fileEncoding = 4; lastKnownFileType = sourcecode.c.h; path = JZTabBarController.h; sourceTree = "<group>"; };
		90508CB11E0FFB3900AED49F /* JZTabBarController.m */ = {isa = PBXFileReference; fileEncoding = 4; lastKnownFileType = sourcecode.c.objc; path = JZTabBarController.m; sourceTree = "<group>"; };
		90508CB61E0FFC5600AED49F /* JZAccount.h */ = {isa = PBXFileReference; fileEncoding = 4; lastKnownFileType = sourcecode.c.h; path = JZAccount.h; sourceTree = "<group>"; };
		90508CB71E0FFC5600AED49F /* JZAccount.m */ = {isa = PBXFileReference; fileEncoding = 4; lastKnownFileType = sourcecode.c.objc; path = JZAccount.m; sourceTree = "<group>"; };
		90508CB91E0FFF0300AED49F /* JZAccountTool.h */ = {isa = PBXFileReference; fileEncoding = 4; lastKnownFileType = sourcecode.c.h; path = JZAccountTool.h; sourceTree = "<group>"; };
		90508CBA1E0FFF0300AED49F /* JZAccountTool.m */ = {isa = PBXFileReference; fileEncoding = 4; lastKnownFileType = sourcecode.c.objc; path = JZAccountTool.m; sourceTree = "<group>"; };
		90508CC11E10353700AED49F /* JZStatusTool.h */ = {isa = PBXFileReference; fileEncoding = 4; lastKnownFileType = sourcecode.c.h; path = JZStatusTool.h; sourceTree = "<group>"; };
		90508CC21E10353700AED49F /* JZStatusTool.m */ = {isa = PBXFileReference; fileEncoding = 4; lastKnownFileType = sourcecode.c.objc; path = JZStatusTool.m; sourceTree = "<group>"; };
		90508CC51E10365300AED49F /* JZStatusParam.h */ = {isa = PBXFileReference; fileEncoding = 4; lastKnownFileType = sourcecode.c.h; path = JZStatusParam.h; sourceTree = "<group>"; };
		90508CC61E10365300AED49F /* JZStatusParam.m */ = {isa = PBXFileReference; fileEncoding = 4; lastKnownFileType = sourcecode.c.objc; path = JZStatusParam.m; sourceTree = "<group>"; };
		90508CC91E103A0600AED49F /* JZHttpTool.h */ = {isa = PBXFileReference; fileEncoding = 4; lastKnownFileType = sourcecode.c.h; path = JZHttpTool.h; sourceTree = "<group>"; };
		90508CCA1E103A0600AED49F /* JZHttpTool.m */ = {isa = PBXFileReference; fileEncoding = 4; lastKnownFileType = sourcecode.c.objc; path = JZHttpTool.m; sourceTree = "<group>"; };
		90756E7C1DEDF9250054BB1D /* Hephaestus.app */ = {isa = PBXFileReference; explicitFileType = wrapper.application; includeInIndex = 0; path = Hephaestus.app; sourceTree = BUILT_PRODUCTS_DIR; };
		90756E801DEDF9250054BB1D /* main.m */ = {isa = PBXFileReference; lastKnownFileType = sourcecode.c.objc; path = main.m; sourceTree = "<group>"; };
		90756E891DEDF9250054BB1D /* Base */ = {isa = PBXFileReference; lastKnownFileType = file.storyboard; name = Base; path = Base.lproj/Main.storyboard; sourceTree = "<group>"; };
		90756E8B1DEDF9250054BB1D /* Assets.xcassets */ = {isa = PBXFileReference; lastKnownFileType = folder.assetcatalog; path = Assets.xcassets; sourceTree = "<group>"; };
		90756E8E1DEDF9250054BB1D /* Base */ = {isa = PBXFileReference; lastKnownFileType = file.storyboard; name = Base; path = Base.lproj/LaunchScreen.storyboard; sourceTree = "<group>"; };
		90756E901DEDF9250054BB1D /* Info.plist */ = {isa = PBXFileReference; lastKnownFileType = text.plist.xml; path = Info.plist; sourceTree = "<group>"; };
		90756E951DEDF9250054BB1D /* HephaestusTests.xctest */ = {isa = PBXFileReference; explicitFileType = wrapper.cfbundle; includeInIndex = 0; path = HephaestusTests.xctest; sourceTree = BUILT_PRODUCTS_DIR; };
		90756E991DEDF9250054BB1D /* HephaestusTests.m */ = {isa = PBXFileReference; lastKnownFileType = sourcecode.c.objc; path = HephaestusTests.m; sourceTree = "<group>"; };
		90756E9B1DEDF9250054BB1D /* Info.plist */ = {isa = PBXFileReference; lastKnownFileType = text.plist.xml; path = Info.plist; sourceTree = "<group>"; };
		90756EA01DEDF9250054BB1D /* HephaestusUITests.xctest */ = {isa = PBXFileReference; explicitFileType = wrapper.cfbundle; includeInIndex = 0; path = HephaestusUITests.xctest; sourceTree = BUILT_PRODUCTS_DIR; };
		90756EA41DEDF9250054BB1D /* HephaestusUITests.m */ = {isa = PBXFileReference; lastKnownFileType = sourcecode.c.objc; path = HephaestusUITests.m; sourceTree = "<group>"; };
		90756EA61DEDF9250054BB1D /* Info.plist */ = {isa = PBXFileReference; lastKnownFileType = text.plist.xml; path = Info.plist; sourceTree = "<group>"; };
		90756EB51DEDF9E90054BB1D /* AppDelegate.h */ = {isa = PBXFileReference; fileEncoding = 4; lastKnownFileType = sourcecode.c.h; path = AppDelegate.h; sourceTree = "<group>"; };
		90756EB61DEDF9E90054BB1D /* AppDelegate.m */ = {isa = PBXFileReference; fileEncoding = 4; lastKnownFileType = sourcecode.c.objc; path = AppDelegate.m; sourceTree = "<group>"; };
		90756EDF1DEDFD4F0054BB1D /* JZConcernController.h */ = {isa = PBXFileReference; fileEncoding = 4; lastKnownFileType = sourcecode.c.h; path = JZConcernController.h; sourceTree = "<group>"; };
		90756EE01DEDFD4F0054BB1D /* JZConcernController.m */ = {isa = PBXFileReference; fileEncoding = 4; lastKnownFileType = sourcecode.c.objc; path = JZConcernController.m; sourceTree = "<group>"; };
		90756EE21DEDFD7A0054BB1D /* JZClassifyController.h */ = {isa = PBXFileReference; fileEncoding = 4; lastKnownFileType = sourcecode.c.h; path = JZClassifyController.h; sourceTree = "<group>"; };
		90756EE31DEDFD7A0054BB1D /* JZClassifyController.m */ = {isa = PBXFileReference; fileEncoding = 4; lastKnownFileType = sourcecode.c.objc; path = JZClassifyController.m; sourceTree = "<group>"; };
		90756EE51DEDFDA90054BB1D /* JZHomeController.h */ = {isa = PBXFileReference; fileEncoding = 4; lastKnownFileType = sourcecode.c.h; path = JZHomeController.h; sourceTree = "<group>"; };
		90756EE61DEDFDA90054BB1D /* JZHomeController.m */ = {isa = PBXFileReference; fileEncoding = 4; lastKnownFileType = sourcecode.c.objc; path = JZHomeController.m; sourceTree = "<group>"; };
		90756EE81DEDFDD10054BB1D /* JZProfileController.h */ = {isa = PBXFileReference; fileEncoding = 4; lastKnownFileType = sourcecode.c.h; path = JZProfileController.h; sourceTree = "<group>"; };
		90756EE91DEDFDD10054BB1D /* JZProfileController.m */ = {isa = PBXFileReference; fileEncoding = 4; lastKnownFileType = sourcecode.c.objc; path = JZProfileController.m; sourceTree = "<group>"; };
		90756EEC1DEDFEFD0054BB1D /* UIImage+JZ.h */ = {isa = PBXFileReference; fileEncoding = 4; lastKnownFileType = sourcecode.c.h; path = "UIImage+JZ.h"; sourceTree = "<group>"; };
		90756EED1DEDFEFD0054BB1D /* UIImage+JZ.m */ = {isa = PBXFileReference; fileEncoding = 4; lastKnownFileType = sourcecode.c.objc; path = "UIImage+JZ.m"; sourceTree = "<group>"; };
		909A98091DF8429F00BCD7F4 /* LXDScanCodeController.h */ = {isa = PBXFileReference; fileEncoding = 4; lastKnownFileType = sourcecode.c.h; path = LXDScanCodeController.h; sourceTree = "<group>"; };
		909A980A1DF8429F00BCD7F4 /* LXDScanCodeController.m */ = {isa = PBXFileReference; fileEncoding = 4; lastKnownFileType = sourcecode.c.objc; path = LXDScanCodeController.m; sourceTree = "<group>"; };
		909A980B1DF8429F00BCD7F4 /* LXDScanView.h */ = {isa = PBXFileReference; fileEncoding = 4; lastKnownFileType = sourcecode.c.h; path = LXDScanView.h; sourceTree = "<group>"; };
		909A980C1DF8429F00BCD7F4 /* LXDScanView.m */ = {isa = PBXFileReference; fileEncoding = 4; lastKnownFileType = sourcecode.c.objc; path = LXDScanView.m; sourceTree = "<group>"; };
		90CA5A5E1DF47DE30046C371 /* UIView+JZFrame.h */ = {isa = PBXFileReference; fileEncoding = 4; lastKnownFileType = sourcecode.c.h; path = "UIView+JZFrame.h"; sourceTree = "<group>"; };
		90CA5A5F1DF47DE30046C371 /* UIView+JZFrame.m */ = {isa = PBXFileReference; fileEncoding = 4; lastKnownFileType = sourcecode.c.objc; path = "UIView+JZFrame.m"; sourceTree = "<group>"; };
		90D9282B1E110FBD004DEDC9 /* JZPhoto.h */ = {isa = PBXFileReference; fileEncoding = 4; lastKnownFileType = sourcecode.c.h; path = JZPhoto.h; sourceTree = "<group>"; };
		90D9282C1E110FBD004DEDC9 /* JZPhoto.m */ = {isa = PBXFileReference; fileEncoding = 4; lastKnownFileType = sourcecode.c.objc; path = JZPhoto.m; sourceTree = "<group>"; };
		90D9282E1E1177D1004DEDC9 /* JZStatusFrame.h */ = {isa = PBXFileReference; fileEncoding = 4; lastKnownFileType = sourcecode.c.h; path = JZStatusFrame.h; sourceTree = "<group>"; };
		90D9282F1E1177D1004DEDC9 /* JZStatusFrame.m */ = {isa = PBXFileReference; fileEncoding = 4; lastKnownFileType = sourcecode.c.objc; path = JZStatusFrame.m; sourceTree = "<group>"; };
		90F3EA2D1E03DF9800559C06 /* JZCameraController.h */ = {isa = PBXFileReference; fileEncoding = 4; lastKnownFileType = sourcecode.c.h; path = JZCameraController.h; sourceTree = "<group>"; };
		90F3EA2E1E03DF9800559C06 /* JZCameraController.m */ = {isa = PBXFileReference; fileEncoding = 4; lastKnownFileType = sourcecode.c.objc; path = JZCameraController.m; sourceTree = "<group>"; };
		C61A3C9BB6379878490C46D1 /* libPods-Hephaestus.a */ = {isa = PBXFileReference; explicitFileType = archive.ar; includeInIndex = 0; path = "libPods-Hephaestus.a"; sourceTree = BUILT_PRODUCTS_DIR; };
		E66DC84D3F4616E335B20006 /* Pods-Hephaestus.debug.xcconfig */ = {isa = PBXFileReference; includeInIndex = 1; lastKnownFileType = text.xcconfig; name = "Pods-Hephaestus.debug.xcconfig"; path = "Pods/Target Support Files/Pods-Hephaestus/Pods-Hephaestus.debug.xcconfig"; sourceTree = "<group>"; };
/* End PBXFileReference section */

/* Begin PBXFrameworksBuildPhase section */
		90756E791DEDF9250054BB1D /* Frameworks */ = {
			isa = PBXFrameworksBuildPhase;
			buildActionMask = 2147483647;
			files = (
				90508C831E0F047100AED49F /* libiconv.tbd in Frameworks */,
				90508C811E0F044600AED49F /* libsqlite3.tbd in Frameworks */,
				90508C7F1E0F042700AED49F /* libstdc++.tbd in Frameworks */,
				90508C7D1E0F041400AED49F /* libz.tbd in Frameworks */,
				90508C7B1E0F040400AED49F /* libc++.tbd in Frameworks */,
				90508C701E0D1D0A00AED49F /* CoreText.framework in Frameworks */,
				90508C6E1E0D1CF700AED49F /* CoreGraphics.framework in Frameworks */,
				90508C6C1E0D1CE900AED49F /* Foundation.framework in Frameworks */,
				90508C6A1E0D1CDD00AED49F /* UIKit.framework in Frameworks */,
				90508C681E0D1CCF00AED49F /* CoreTelephony.framework in Frameworks */,
				90508C661E0D1CC200AED49F /* Security.framework in Frameworks */,
				90508C641E0D1CB800AED49F /* SystemConfiguration.framework in Frameworks */,
				90508C621E0D1CAB00AED49F /* ImageIO.framework in Frameworks */,
				90508C601E0D1CA000AED49F /* QuartzCore.framework in Frameworks */,
				B702DE433CA1C0A3174E9241 /* libPods-Hephaestus.a in Frameworks */,
			);
			runOnlyForDeploymentPostprocessing = 0;
		};
		90756E921DEDF9250054BB1D /* Frameworks */ = {
			isa = PBXFrameworksBuildPhase;
			buildActionMask = 2147483647;
			files = (
			);
			runOnlyForDeploymentPostprocessing = 0;
		};
		90756E9D1DEDF9250054BB1D /* Frameworks */ = {
			isa = PBXFrameworksBuildPhase;
			buildActionMask = 2147483647;
			files = (
			);
			runOnlyForDeploymentPostprocessing = 0;
		};
/* End PBXFrameworksBuildPhase section */

/* Begin PBXGroup section */
		3788D314C6D2BB2C48B1C424 /* Frameworks */ = {
			isa = PBXGroup;
			children = (
				90508C821E0F047100AED49F /* libiconv.tbd */,
				90508C801E0F044600AED49F /* libsqlite3.tbd */,
				90508C7E1E0F042700AED49F /* libstdc++.tbd */,
				90508C7C1E0F041400AED49F /* libz.tbd */,
				90508C7A1E0F040400AED49F /* libc++.tbd */,
				90508C711E0D1D4D00AED49F /* libz.1.2.8.tbd */,
				90508C6F1E0D1D0A00AED49F /* CoreText.framework */,
				90508C6D1E0D1CF700AED49F /* CoreGraphics.framework */,
				90508C6B1E0D1CE900AED49F /* Foundation.framework */,
				90508C691E0D1CDD00AED49F /* UIKit.framework */,
				90508C671E0D1CCF00AED49F /* CoreTelephony.framework */,
				90508C651E0D1CC200AED49F /* Security.framework */,
				90508C631E0D1CB800AED49F /* SystemConfiguration.framework */,
				90508C611E0D1CAB00AED49F /* ImageIO.framework */,
				90508C5F1E0D1CA000AED49F /* QuartzCore.framework */,
				C61A3C9BB6379878490C46D1 /* libPods-Hephaestus.a */,
			);
			name = Frameworks;
			sourceTree = "<group>";
		};
		900220EC1E07111A00CF2C35 /* tableViewCell */ = {
			isa = PBXGroup;
			children = (
				901A43111E126EB300BBB3C6 /* StatusCell */,
				900220ED1E07136C00CF2C35 /* JZWarningViewCell.h */,
				900220EE1E07136C00CF2C35 /* JZWarningViewCell.m */,
				9018D37C1E07DEA700885E4C /* JZHeaderViewCell.h */,
				9018D37D1E07DEA700885E4C /* JZHeaderViewCell.m */,
				9018D3851E080B5B00885E4C /* JZUserViewCell.h */,
				9018D3861E080B5B00885E4C /* JZUserViewCell.m */,
			);
			path = tableViewCell;
			sourceTree = "<group>";
		};
		901A43111E126EB300BBB3C6 /* StatusCell */ = {
			isa = PBXGroup;
			children = (
				901A43121E126F1400BBB3C6 /* JZstatusCell.h */,
				901A43131E126F1400BBB3C6 /* JZstatusCell.m */,
				901A43151E126F5800BBB3C6 /* JZOriginalView.h */,
				901A43161E126F5800BBB3C6 /* JZOriginalView.m */,
				901A43181E126F7B00BBB3C6 /* JZRetweeView.h */,
				901A43191E126F7B00BBB3C6 /* JZRetweeView.m */,
				901A431B1E126FAC00BBB3C6 /* JZStatusToolBar.h */,
				901A431C1E126FAC00BBB3C6 /* JZStatusToolBar.m */,
				901A431E1E126FD600BBB3C6 /* JZPhotosView.h */,
				901A431F1E126FD600BBB3C6 /* JZPhotosView.m */,
				901A43241E12703800BBB3C6 /* JZPhotoView.h */,
				901A43251E12703800BBB3C6 /* JZPhotoView.m */,
			);
			path = StatusCell;
			sourceTree = "<group>";
		};
		901A43271E12773400BBB3C6 /* MJPhotoBrowser */ = {
			isa = PBXGroup;
			children = (
				901A43281E12773400BBB3C6 /* MJPhoto.h */,
				901A43291E12773400BBB3C6 /* MJPhoto.m */,
				901A432A1E12773400BBB3C6 /* MJPhotoBrowser.bundle */,
				901A432B1E12773400BBB3C6 /* MJPhotoBrowser.h */,
				901A432C1E12773400BBB3C6 /* MJPhotoBrowser.m */,
				901A432D1E12773400BBB3C6 /* MJPhotoLoadingView.h */,
				901A432E1E12773400BBB3C6 /* MJPhotoLoadingView.m */,
				901A432F1E12773400BBB3C6 /* MJPhotoProgressView.h */,
				901A43301E12773400BBB3C6 /* MJPhotoProgressView.m */,
				901A43311E12773400BBB3C6 /* MJPhotoToolbar.h */,
				901A43321E12773400BBB3C6 /* MJPhotoToolbar.m */,
				901A43331E12773400BBB3C6 /* MJPhotoView.h */,
				901A43341E12773400BBB3C6 /* MJPhotoView.m */,
				901A43351E12773400BBB3C6 /* SDWebImageManager+MJ.h */,
				901A43361E12773400BBB3C6 /* SDWebImageManager+MJ.m */,
			);
			path = MJPhotoBrowser;
			sourceTree = "<group>";
		};
		901EC34C1E11097A00250046 /* Result */ = {
			isa = PBXGroup;
			children = (
				901EC34D1E11099000250046 /* JZStatusResult.h */,
				901EC34E1E11099000250046 /* JZStatusResult.m */,
			);
			path = Result;
			sourceTree = "<group>";
		};
		901EC3501E110CB600250046 /* Status */ = {
			isa = PBXGroup;
			children = (
				90D9282E1E1177D1004DEDC9 /* JZStatusFrame.h */,
				90D9282F1E1177D1004DEDC9 /* JZStatusFrame.m */,
				901EC3511E110CCC00250046 /* JZStatus.h */,
				901EC3521E110CCC00250046 /* JZStatus.m */,
				901EC3541E110D9800250046 /* JZUser.h */,
				901EC3551E110D9800250046 /* JZUser.m */,
				90D9282B1E110FBD004DEDC9 /* JZPhoto.h */,
				90D9282C1E110FBD004DEDC9 /* JZPhoto.m */,
			);
			path = Status;
			sourceTree = "<group>";
		};
		90508C731E0EFD2C00AED49F /* 测试 */ = {
			isa = PBXGroup;
			children = (
				90508C741E0EFD2C00AED49F /* JZTestViewController.h */,
				90508C751E0EFD2C00AED49F /* JZTestViewController.m */,
				90508C771E0EFD6500AED49F /* JZWeiboTestViewController.h */,
				90508C781E0EFD6500AED49F /* JZWeiboTestViewController.m */,
			);
			path = "测试";
			sourceTree = "<group>";
		};
		90508C881E0FB9A900AED49F /* ThirdLogin */ = {
			isa = PBXGroup;
			children = (
				90508CB51E0FFC3500AED49F /* Account */,
				90508C891E0FB9C000AED49F /* WTThirdPartyLoginManager.h */,
				90508C8A1E0FB9C000AED49F /* WTThirdPartyLoginManager.m */,
			);
			path = ThirdLogin;
			sourceTree = "<group>";
		};
		90508C8C1E0FBE3E00AED49F /* Login */ = {
			isa = PBXGroup;
			children = (
				90508C8D1E0FBF4500AED49F /* JZLoginViewController.h */,
				90508C8E1E0FBF4500AED49F /* JZLoginViewController.m */,
			);
			path = Login;
			sourceTree = "<group>";
		};
		90508C9E1E0FEBE500AED49F /* IconFont */ = {
			isa = PBXGroup;
			children = (
				90508C9F1E0FEBE500AED49F /* iconfont.ttf */,
				90508CA01E0FEBE500AED49F /* TBIconFont */,
			);
			path = IconFont;
			sourceTree = "<group>";
		};
		90508CA01E0FEBE500AED49F /* TBIconFont */ = {
			isa = PBXGroup;
			children = (
				90508CA11E0FEBE500AED49F /* TBCityIconFont.h */,
				90508CA21E0FEBE500AED49F /* TBCityIconFont.m */,
				90508CA31E0FEBE500AED49F /* TBCityIconInfo.h */,
				90508CA41E0FEBE500AED49F /* TBCityIconInfo.m */,
				90508CA51E0FEBE500AED49F /* UIImage+TBCityIconFont.h */,
				90508CA61E0FEBE500AED49F /* UIImage+TBCityIconFont.m */,
			);
			path = TBIconFont;
			sourceTree = "<group>";
		};
		90508CAB1E0FFB3900AED49F /* Controller */ = {
			isa = PBXGroup;
			children = (
				90508CAC1E0FFB3900AED49F /* JZBaseViewController.h */,
				90508CAD1E0FFB3900AED49F /* JZBaseViewController.m */,
				90508CAE1E0FFB3900AED49F /* JZNavigationController.h */,
				90508CAF1E0FFB3900AED49F /* JZNavigationController.m */,
				90508CB01E0FFB3900AED49F /* JZTabBarController.h */,
				90508CB11E0FFB3900AED49F /* JZTabBarController.m */,
			);
			path = Controller;
			sourceTree = "<group>";
		};
		90508CB51E0FFC3500AED49F /* Account */ = {
			isa = PBXGroup;
			children = (
				90508CB61E0FFC5600AED49F /* JZAccount.h */,
				90508CB71E0FFC5600AED49F /* JZAccount.m */,
				90508CB91E0FFF0300AED49F /* JZAccountTool.h */,
				90508CBA1E0FFF0300AED49F /* JZAccountTool.m */,
			);
			path = Account;
			sourceTree = "<group>";
		};
		90508CBC1E1034C600AED49F /* Tool */ = {
			isa = PBXGroup;
			children = (
				90508CC81E103A0600AED49F /* Http */,
				90508CC01E10353700AED49F /* Status */,
			);
			path = Tool;
			sourceTree = "<group>";
		};
		90508CC01E10353700AED49F /* Status */ = {
			isa = PBXGroup;
			children = (
				90508CC41E1035D000AED49F /* Param */,
				901EC34C1E11097A00250046 /* Result */,
				90508CC11E10353700AED49F /* JZStatusTool.h */,
				90508CC21E10353700AED49F /* JZStatusTool.m */,
			);
			path = Status;
			sourceTree = "<group>";
		};
		90508CC41E1035D000AED49F /* Param */ = {
			isa = PBXGroup;
			children = (
				90508CC51E10365300AED49F /* JZStatusParam.h */,
				90508CC61E10365300AED49F /* JZStatusParam.m */,
			);
			path = Param;
			sourceTree = "<group>";
		};
		90508CC81E103A0600AED49F /* Http */ = {
			isa = PBXGroup;
			children = (
				90508CC91E103A0600AED49F /* JZHttpTool.h */,
				90508CCA1E103A0600AED49F /* JZHttpTool.m */,
			);
			path = Http;
			sourceTree = "<group>";
		};
		90756E731DEDF9250054BB1D = {
			isa = PBXGroup;
			children = (
				90756E7E1DEDF9250054BB1D /* Hephaestus */,
				90756E981DEDF9250054BB1D /* HephaestusTests */,
				90756EA31DEDF9250054BB1D /* HephaestusUITests */,
				90756E7D1DEDF9250054BB1D /* Products */,
				92DC342D3550F4BAED6CCDAD /* Pods */,
				3788D314C6D2BB2C48B1C424 /* Frameworks */,
			);
			sourceTree = "<group>";
		};
		90756E7D1DEDF9250054BB1D /* Products */ = {
			isa = PBXGroup;
			children = (
				90756E7C1DEDF9250054BB1D /* Hephaestus.app */,
				90756E951DEDF9250054BB1D /* HephaestusTests.xctest */,
				90756EA01DEDF9250054BB1D /* HephaestusUITests.xctest */,
			);
			name = Products;
			sourceTree = "<group>";
		};
		90756E7E1DEDF9250054BB1D /* Hephaestus */ = {
			isa = PBXGroup;
			children = (
				90756EB21DEDF9E90054BB1D /* Classes */,
				90756E7F1DEDF9250054BB1D /* Supporting Files */,
			);
			path = Hephaestus;
			sourceTree = "<group>";
		};
		90756E7F1DEDF9250054BB1D /* Supporting Files */ = {
			isa = PBXGroup;
			children = (
				901A43271E12773400BBB3C6 /* MJPhotoBrowser */,
				900C6A951E0133D8000E4287 /* sound.mp3 */,
				90756E881DEDF9250054BB1D /* Main.storyboard */,
				90756E8B1DEDF9250054BB1D /* Assets.xcassets */,
				90756E8D1DEDF9250054BB1D /* LaunchScreen.storyboard */,
				90756E901DEDF9250054BB1D /* Info.plist */,
				90756E801DEDF9250054BB1D /* main.m */,
				901B38E11E0C1CD5006A4E30 /* PrefixHeader.pch */,
			);
			name = "Supporting Files";
			sourceTree = "<group>";
		};
		90756E981DEDF9250054BB1D /* HephaestusTests */ = {
			isa = PBXGroup;
			children = (
				90756E991DEDF9250054BB1D /* HephaestusTests.m */,
				90756E9B1DEDF9250054BB1D /* Info.plist */,
			);
			path = HephaestusTests;
			sourceTree = "<group>";
		};
		90756EA31DEDF9250054BB1D /* HephaestusUITests */ = {
			isa = PBXGroup;
			children = (
				90756EA41DEDF9250054BB1D /* HephaestusUITests.m */,
				90756EA61DEDF9250054BB1D /* Info.plist */,
			);
			path = HephaestusUITests;
			sourceTree = "<group>";
		};
		90756EB21DEDF9E90054BB1D /* Classes */ = {
			isa = PBXGroup;
			children = (
				90756EB41DEDF9E90054BB1D /* Main */,
				90756EB31DEDF9E90054BB1D /* General */,
				90756EB71DEDF9E90054BB1D /* Module */,
			);
			path = Classes;
			sourceTree = "<group>";
		};
		90756EB31DEDF9E90054BB1D /* General */ = {
			isa = PBXGroup;
			children = (
				90508CBC1E1034C600AED49F /* Tool */,
				90508CAB1E0FFB3900AED49F /* Controller */,
				90756F311DEEC0DE0054BB1D /* View */,
				90508C9E1E0FEBE500AED49F /* IconFont */,
				90508C881E0FB9A900AED49F /* ThirdLogin */,
				90F3EA2C1E03DF9800559C06 /* JZCamera */,
				909A98081DF8429F00BCD7F4 /* LXDScanCodeController */,
				90756EEB1DEDFED70054BB1D /* Category */,
			);
			path = General;
			sourceTree = "<group>";
		};
		90756EB41DEDF9E90054BB1D /* Main */ = {
			isa = PBXGroup;
			children = (
				90756EB51DEDF9E90054BB1D /* AppDelegate.h */,
				90756EB61DEDF9E90054BB1D /* AppDelegate.m */,
			);
			path = Main;
			sourceTree = "<group>";
		};
		90756EB71DEDF9E90054BB1D /* Module */ = {
			isa = PBXGroup;
			children = (
				90508C731E0EFD2C00AED49F /* 测试 */,
				90508C8C1E0FBE3E00AED49F /* Login */,
				90756EC11DEDFAD60054BB1D /* Home */,
				90756EB91DEDFAD60054BB1D /* Classify */,
				90756EBD1DEDFAD60054BB1D /* Concern */,
				90756EC51DEDFAD60054BB1D /* Profile */,
			);
			path = Module;
			sourceTree = "<group>";
		};
		90756EB91DEDFAD60054BB1D /* Classify */ = {
			isa = PBXGroup;
			children = (
				90756EBA1DEDFAD60054BB1D /* Controller */,
				90756EBB1DEDFAD60054BB1D /* Model */,
				90756EBC1DEDFAD60054BB1D /* View */,
			);
			path = Classify;
			sourceTree = "<group>";
		};
		90756EBA1DEDFAD60054BB1D /* Controller */ = {
			isa = PBXGroup;
			children = (
				90756EE21DEDFD7A0054BB1D /* JZClassifyController.h */,
				90756EE31DEDFD7A0054BB1D /* JZClassifyController.m */,
			);
			path = Controller;
			sourceTree = "<group>";
		};
		90756EBB1DEDFAD60054BB1D /* Model */ = {
			isa = PBXGroup;
			children = (
			);
			path = Model;
			sourceTree = "<group>";
		};
		90756EBC1DEDFAD60054BB1D /* View */ = {
			isa = PBXGroup;
			children = (
			);
			path = View;
			sourceTree = "<group>";
		};
		90756EBD1DEDFAD60054BB1D /* Concern */ = {
			isa = PBXGroup;
			children = (
				90756EBE1DEDFAD60054BB1D /* Controller */,
				90756EBF1DEDFAD60054BB1D /* Model */,
				90756EC01DEDFAD60054BB1D /* View */,
			);
			path = Concern;
			sourceTree = "<group>";
		};
		90756EBE1DEDFAD60054BB1D /* Controller */ = {
			isa = PBXGroup;
			children = (
				90756EDF1DEDFD4F0054BB1D /* JZConcernController.h */,
				90756EE01DEDFD4F0054BB1D /* JZConcernController.m */,
				9018D3891E094CA700885E4C /* JZUserViewController.h */,
				9018D38A1E094CA700885E4C /* JZUserViewController.m */,
			);
			path = Controller;
			sourceTree = "<group>";
		};
		90756EBF1DEDFAD60054BB1D /* Model */ = {
			isa = PBXGroup;
			children = (
				901EC3501E110CB600250046 /* Status */,
			);
			path = Model;
			sourceTree = "<group>";
		};
		90756EC01DEDFAD60054BB1D /* View */ = {
			isa = PBXGroup;
			children = (
				900220EC1E07111A00CF2C35 /* tableViewCell */,
			);
			path = View;
			sourceTree = "<group>";
		};
		90756EC11DEDFAD60054BB1D /* Home */ = {
			isa = PBXGroup;
			children = (
				90756EC21DEDFAD60054BB1D /* Controller */,
				90756EC31DEDFAD60054BB1D /* Model */,
				90756EC41DEDFAD60054BB1D /* View */,
			);
			path = Home;
			sourceTree = "<group>";
		};
		90756EC21DEDFAD60054BB1D /* Controller */ = {
			isa = PBXGroup;
			children = (
				90756EE51DEDFDA90054BB1D /* JZHomeController.h */,
				90756EE61DEDFDA90054BB1D /* JZHomeController.m */,
				904133C91DF30488002F7444 /* JZSearchController.h */,
				904133CA1DF30488002F7444 /* JZSearchController.m */,
			);
			path = Controller;
			sourceTree = "<group>";
		};
		90756EC31DEDFAD60054BB1D /* Model */ = {
			isa = PBXGroup;
			children = (
			);
			path = Model;
			sourceTree = "<group>";
		};
		90756EC41DEDFAD60054BB1D /* View */ = {
			isa = PBXGroup;
			children = (
			);
			path = View;
			sourceTree = "<group>";
		};
		90756EC51DEDFAD60054BB1D /* Profile */ = {
			isa = PBXGroup;
			children = (
				90756EC61DEDFAD60054BB1D /* Controller */,
				90756EC71DEDFAD60054BB1D /* Model */,
				90756EC81DEDFAD60054BB1D /* View */,
			);
			path = Profile;
			sourceTree = "<group>";
		};
		90756EC61DEDFAD60054BB1D /* Controller */ = {
			isa = PBXGroup;
			children = (
				90756EE81DEDFDD10054BB1D /* JZProfileController.h */,
				90756EE91DEDFDD10054BB1D /* JZProfileController.m */,
				904B7AC11DF413C8003EB848 /* JZPublicController.h */,
				904B7AC21DF413C8003EB848 /* JZPublicController.m */,
			);
			path = Controller;
			sourceTree = "<group>";
		};
		90756EC71DEDFAD60054BB1D /* Model */ = {
			isa = PBXGroup;
			children = (
			);
			path = Model;
			sourceTree = "<group>";
		};
		90756EC81DEDFAD60054BB1D /* View */ = {
			isa = PBXGroup;
			children = (
				904C694A1DF1662500A911CA /* JZPictureCell.h */,
				904C694B1DF1662500A911CA /* JZPictureCell.m */,
				904C69471DF165F700A911CA /* JZButtonsCell.h */,
				904C69481DF165F700A911CA /* JZButtonsCell.m */,
				904C69501DF1D1CB00A911CA /* JZDefaultCell.h */,
				904C69511DF1D1CB00A911CA /* JZDefaultCell.m */,
			);
			path = View;
			sourceTree = "<group>";
		};
		90756EEB1DEDFED70054BB1D /* Category */ = {
			isa = PBXGroup;
			children = (
				90756EEC1DEDFEFD0054BB1D /* UIImage+JZ.h */,
				90756EED1DEDFEFD0054BB1D /* UIImage+JZ.m */,
				904133811DF2CC64002F7444 /* NSString+JZ.h */,
				904133821DF2CC64002F7444 /* NSString+JZ.m */,
				90CA5A5E1DF47DE30046C371 /* UIView+JZFrame.h */,
				90CA5A5F1DF47DE30046C371 /* UIView+JZFrame.m */,
			);
			path = Category;
			sourceTree = "<group>";
		};
		90756F311DEEC0DE0054BB1D /* View */ = {
			isa = PBXGroup;
			children = (
				904C694D1DF16D9000A911CA /* JZButton.h */,
				904C694E1DF16D9000A911CA /* JZButton.m */,
				904133C61DF2ECDC002F7444 /* JZTextField.h */,
				904133C71DF2ECDC002F7444 /* JZTextField.m */,
				904B7AC41DF45B9D003EB848 /* JZTextView.h */,
				904B7AC51DF45B9D003EB848 /* JZTextView.m */,
				9018D37F1E07FD4C00885E4C /* JZLabel.h */,
				9018D3801E07FD4C00885E4C /* JZLabel.m */,
			);
			path = View;
			sourceTree = "<group>";
		};
		909A98081DF8429F00BCD7F4 /* LXDScanCodeController */ = {
			isa = PBXGroup;
			children = (
				909A98091DF8429F00BCD7F4 /* LXDScanCodeController.h */,
				909A980A1DF8429F00BCD7F4 /* LXDScanCodeController.m */,
				909A980B1DF8429F00BCD7F4 /* LXDScanView.h */,
				909A980C1DF8429F00BCD7F4 /* LXDScanView.m */,
			);
			path = LXDScanCodeController;
			sourceTree = "<group>";
		};
		90F3EA2C1E03DF9800559C06 /* JZCamera */ = {
			isa = PBXGroup;
			children = (
				90F3EA2D1E03DF9800559C06 /* JZCameraController.h */,
				90F3EA2E1E03DF9800559C06 /* JZCameraController.m */,
			);
			path = JZCamera;
			sourceTree = "<group>";
		};
		92DC342D3550F4BAED6CCDAD /* Pods */ = {
			isa = PBXGroup;
			children = (
				E66DC84D3F4616E335B20006 /* Pods-Hephaestus.debug.xcconfig */,
				8A14EC27A4E47B5526DBA16F /* Pods-Hephaestus.release.xcconfig */,
			);
			name = Pods;
			sourceTree = "<group>";
		};
/* End PBXGroup section */

/* Begin PBXNativeTarget section */
		90756E7B1DEDF9250054BB1D /* Hephaestus */ = {
			isa = PBXNativeTarget;
			buildConfigurationList = 90756EA91DEDF9250054BB1D /* Build configuration list for PBXNativeTarget "Hephaestus" */;
			buildPhases = (
				41F1FE4201E8324DBE28D3D6 /* [CP] Check Pods Manifest.lock */,
				90756E781DEDF9250054BB1D /* Sources */,
				90756E791DEDF9250054BB1D /* Frameworks */,
				90756E7A1DEDF9250054BB1D /* Resources */,
				847D670508777EB3374A7E06 /* [CP] Embed Pods Frameworks */,
				83124F889FFE3967CB968253 /* [CP] Copy Pods Resources */,
			);
			buildRules = (
			);
			dependencies = (
			);
			name = Hephaestus;
			productName = Hephaestus;
			productReference = 90756E7C1DEDF9250054BB1D /* Hephaestus.app */;
			productType = "com.apple.product-type.application";
		};
		90756E941DEDF9250054BB1D /* HephaestusTests */ = {
			isa = PBXNativeTarget;
			buildConfigurationList = 90756EAC1DEDF9250054BB1D /* Build configuration list for PBXNativeTarget "HephaestusTests" */;
			buildPhases = (
				90756E911DEDF9250054BB1D /* Sources */,
				90756E921DEDF9250054BB1D /* Frameworks */,
				90756E931DEDF9250054BB1D /* Resources */,
			);
			buildRules = (
			);
			dependencies = (
				90756E971DEDF9250054BB1D /* PBXTargetDependency */,
			);
			name = HephaestusTests;
			productName = HephaestusTests;
			productReference = 90756E951DEDF9250054BB1D /* HephaestusTests.xctest */;
			productType = "com.apple.product-type.bundle.unit-test";
		};
		90756E9F1DEDF9250054BB1D /* HephaestusUITests */ = {
			isa = PBXNativeTarget;
			buildConfigurationList = 90756EAF1DEDF9250054BB1D /* Build configuration list for PBXNativeTarget "HephaestusUITests" */;
			buildPhases = (
				90756E9C1DEDF9250054BB1D /* Sources */,
				90756E9D1DEDF9250054BB1D /* Frameworks */,
				90756E9E1DEDF9250054BB1D /* Resources */,
			);
			buildRules = (
			);
			dependencies = (
				90756EA21DEDF9250054BB1D /* PBXTargetDependency */,
			);
			name = HephaestusUITests;
			productName = HephaestusUITests;
			productReference = 90756EA01DEDF9250054BB1D /* HephaestusUITests.xctest */;
			productType = "com.apple.product-type.bundle.ui-testing";
		};
/* End PBXNativeTarget section */

/* Begin PBXProject section */
		90756E741DEDF9250054BB1D /* Project object */ = {
			isa = PBXProject;
			attributes = {
				CLASSPREFIX = JZ;
				LastUpgradeCheck = 0810;
				ORGANIZATIONNAME = "Jianzhong Huang";
				TargetAttributes = {
					90756E7B1DEDF9250054BB1D = {
						CreatedOnToolsVersion = 8.1;
						DevelopmentTeam = SU5GU9T977;
						ProvisioningStyle = Automatic;
					};
					90756E941DEDF9250054BB1D = {
						CreatedOnToolsVersion = 8.1;
						DevelopmentTeam = SU5GU9T977;
						ProvisioningStyle = Automatic;
						TestTargetID = 90756E7B1DEDF9250054BB1D;
					};
					90756E9F1DEDF9250054BB1D = {
						CreatedOnToolsVersion = 8.1;
						DevelopmentTeam = SU5GU9T977;
						ProvisioningStyle = Automatic;
						TestTargetID = 90756E7B1DEDF9250054BB1D;
					};
				};
			};
			buildConfigurationList = 90756E771DEDF9250054BB1D /* Build configuration list for PBXProject "Hephaestus" */;
			compatibilityVersion = "Xcode 3.2";
			developmentRegion = English;
			hasScannedForEncodings = 0;
			knownRegions = (
				en,
				Base,
			);
			mainGroup = 90756E731DEDF9250054BB1D;
			productRefGroup = 90756E7D1DEDF9250054BB1D /* Products */;
			projectDirPath = "";
			projectRoot = "";
			targets = (
				90756E7B1DEDF9250054BB1D /* Hephaestus */,
				90756E941DEDF9250054BB1D /* HephaestusTests */,
				90756E9F1DEDF9250054BB1D /* HephaestusUITests */,
			);
		};
/* End PBXProject section */

/* Begin PBXResourcesBuildPhase section */
		90756E7A1DEDF9250054BB1D /* Resources */ = {
			isa = PBXResourcesBuildPhase;
			buildActionMask = 2147483647;
			files = (
				901A43381E12773400BBB3C6 /* MJPhotoBrowser.bundle in Resources */,
				90756E8F1DEDF9250054BB1D /* LaunchScreen.storyboard in Resources */,
				90756E8C1DEDF9250054BB1D /* Assets.xcassets in Resources */,
				90756E8A1DEDF9250054BB1D /* Main.storyboard in Resources */,
				90508CA71E0FEBE500AED49F /* iconfont.ttf in Resources */,
				900C6A961E0133D8000E4287 /* sound.mp3 in Resources */,
			);
			runOnlyForDeploymentPostprocessing = 0;
		};
		90756E931DEDF9250054BB1D /* Resources */ = {
			isa = PBXResourcesBuildPhase;
			buildActionMask = 2147483647;
			files = (
			);
			runOnlyForDeploymentPostprocessing = 0;
		};
		90756E9E1DEDF9250054BB1D /* Resources */ = {
			isa = PBXResourcesBuildPhase;
			buildActionMask = 2147483647;
			files = (
			);
			runOnlyForDeploymentPostprocessing = 0;
		};
/* End PBXResourcesBuildPhase section */

/* Begin PBXShellScriptBuildPhase section */
		41F1FE4201E8324DBE28D3D6 /* [CP] Check Pods Manifest.lock */ = {
			isa = PBXShellScriptBuildPhase;
			buildActionMask = 2147483647;
			files = (
			);
			inputPaths = (
			);
			name = "[CP] Check Pods Manifest.lock";
			outputPaths = (
			);
			runOnlyForDeploymentPostprocessing = 0;
			shellPath = /bin/sh;
			shellScript = "diff \"${PODS_ROOT}/../Podfile.lock\" \"${PODS_ROOT}/Manifest.lock\" > /dev/null\nif [ $? != 0 ] ; then\n    # print error to STDERR\n    echo \"error: The sandbox is not in sync with the Podfile.lock. Run 'pod install' or update your CocoaPods installation.\" >&2\n    exit 1\nfi\n";
			showEnvVarsInLog = 0;
		};
		83124F889FFE3967CB968253 /* [CP] Copy Pods Resources */ = {
			isa = PBXShellScriptBuildPhase;
			buildActionMask = 2147483647;
			files = (
			);
			inputPaths = (
			);
			name = "[CP] Copy Pods Resources";
			outputPaths = (
			);
			runOnlyForDeploymentPostprocessing = 0;
			shellPath = /bin/sh;
			shellScript = "\"${SRCROOT}/Pods/Target Support Files/Pods-Hephaestus/Pods-Hephaestus-resources.sh\"\n";
			showEnvVarsInLog = 0;
		};
		847D670508777EB3374A7E06 /* [CP] Embed Pods Frameworks */ = {
			isa = PBXShellScriptBuildPhase;
			buildActionMask = 2147483647;
			files = (
			);
			inputPaths = (
			);
			name = "[CP] Embed Pods Frameworks";
			outputPaths = (
			);
			runOnlyForDeploymentPostprocessing = 0;
			shellPath = /bin/sh;
			shellScript = "\"${SRCROOT}/Pods/Target Support Files/Pods-Hephaestus/Pods-Hephaestus-frameworks.sh\"\n";
			showEnvVarsInLog = 0;
		};
/* End PBXShellScriptBuildPhase section */

/* Begin PBXSourcesBuildPhase section */
		90756E781DEDF9250054BB1D /* Sources */ = {
			isa = PBXSourcesBuildPhase;
			buildActionMask = 2147483647;
			files = (
				901A43261E12703800BBB3C6 /* JZPhotoView.m in Sources */,
				90756EB81DEDF9E90054BB1D /* AppDelegate.m in Sources */,
				90756EE41DEDFD7A0054BB1D /* JZClassifyController.m in Sources */,
				904B7AC61DF45B9D003EB848 /* JZTextView.m in Sources */,
				904C69491DF165F700A911CA /* JZButtonsCell.m in Sources */,
				90508CB81E0FFC5600AED49F /* JZAccount.m in Sources */,
				90508C791E0EFD6500AED49F /* JZWeiboTestViewController.m in Sources */,
				901A433C1E12773400BBB3C6 /* MJPhotoToolbar.m in Sources */,
				904C694F1DF16D9000A911CA /* JZButton.m in Sources */,
				90756E811DEDF9250054BB1D /* main.m in Sources */,
				901A433D1E12773400BBB3C6 /* MJPhotoView.m in Sources */,
				9018D37E1E07DEA700885E4C /* JZHeaderViewCell.m in Sources */,
				90D928301E1177D1004DEDC9 /* JZStatusFrame.m in Sources */,
				90756EEE1DEDFEFD0054BB1D /* UIImage+JZ.m in Sources */,
				90508CA91E0FEBE500AED49F /* TBCityIconInfo.m in Sources */,
				9018D3871E080B5B00885E4C /* JZUserViewCell.m in Sources */,
				90508CB41E0FFB3900AED49F /* JZTabBarController.m in Sources */,
				90508CBB1E0FFF0300AED49F /* JZAccountTool.m in Sources */,
				90D9282D1E110FBD004DEDC9 /* JZPhoto.m in Sources */,
				90508CB21E0FFB3900AED49F /* JZBaseViewController.m in Sources */,
				904B7AC31DF413C8003EB848 /* JZPublicController.m in Sources */,
				901EC34F1E11099000250046 /* JZStatusResult.m in Sources */,
				909A980D1DF8429F00BCD7F4 /* LXDScanCodeController.m in Sources */,
				901A431A1E126F7B00BBB3C6 /* JZRetweeView.m in Sources */,
				904133831DF2CC64002F7444 /* NSString+JZ.m in Sources */,
				90756EE71DEDFDA90054BB1D /* JZHomeController.m in Sources */,
				901EC3561E110D9800250046 /* JZUser.m in Sources */,
				901A43371E12773400BBB3C6 /* MJPhoto.m in Sources */,
				90508CB31E0FFB3900AED49F /* JZNavigationController.m in Sources */,
				90508CCB1E103A0600AED49F /* JZHttpTool.m in Sources */,
				904C694C1DF1662500A911CA /* JZPictureCell.m in Sources */,
				90F3EA2F1E03DF9800559C06 /* JZCameraController.m in Sources */,
				901A43171E126F5800BBB3C6 /* JZOriginalView.m in Sources */,
				90508CC31E10353700AED49F /* JZStatusTool.m in Sources */,
				904133C81DF2ECDC002F7444 /* JZTextField.m in Sources */,
				90508C761E0EFD2C00AED49F /* JZTestViewController.m in Sources */,
				901EC3531E110CCC00250046 /* JZStatus.m in Sources */,
				90508C8F1E0FBF4500AED49F /* JZLoginViewController.m in Sources */,
				904133CB1DF30488002F7444 /* JZSearchController.m in Sources */,
				9018D38B1E094CA700885E4C /* JZUserViewController.m in Sources */,
				904C69521DF1D1CB00A911CA /* JZDefaultCell.m in Sources */,
				901A43201E126FD600BBB3C6 /* JZPhotosView.m in Sources */,
				909A980E1DF8429F00BCD7F4 /* LXDScanView.m in Sources */,
				90508C8B1E0FB9C000AED49F /* WTThirdPartyLoginManager.m in Sources */,
				900220EF1E07136C00CF2C35 /* JZWarningViewCell.m in Sources */,
				901A433A1E12773400BBB3C6 /* MJPhotoLoadingView.m in Sources */,
				90756EEA1DEDFDD10054BB1D /* JZProfileController.m in Sources */,
				9018D3811E07FD4C00885E4C /* JZLabel.m in Sources */,
				90508CC71E10365300AED49F /* JZStatusParam.m in Sources */,
				901A431D1E126FAC00BBB3C6 /* JZStatusToolBar.m in Sources */,
				90CA5A601DF47DE30046C371 /* UIView+JZFrame.m in Sources */,
				90508CA81E0FEBE500AED49F /* TBCityIconFont.m in Sources */,
				901A433E1E12773400BBB3C6 /* SDWebImageManager+MJ.m in Sources */,
				90508CAA1E0FEBE500AED49F /* UIImage+TBCityIconFont.m in Sources */,
				901A43391E12773400BBB3C6 /* MJPhotoBrowser.m in Sources */,
				90756EE11DEDFD4F0054BB1D /* JZConcernController.m in Sources */,
				901A433B1E12773400BBB3C6 /* MJPhotoProgressView.m in Sources */,
				901A43141E126F1400BBB3C6 /* JZstatusCell.m in Sources */,
			);
			runOnlyForDeploymentPostprocessing = 0;
		};
		90756E911DEDF9250054BB1D /* Sources */ = {
			isa = PBXSourcesBuildPhase;
			buildActionMask = 2147483647;
			files = (
				90756E9A1DEDF9250054BB1D /* HephaestusTests.m in Sources */,
			);
			runOnlyForDeploymentPostprocessing = 0;
		};
		90756E9C1DEDF9250054BB1D /* Sources */ = {
			isa = PBXSourcesBuildPhase;
			buildActionMask = 2147483647;
			files = (
				90756EA51DEDF9250054BB1D /* HephaestusUITests.m in Sources */,
			);
			runOnlyForDeploymentPostprocessing = 0;
		};
/* End PBXSourcesBuildPhase section */

/* Begin PBXTargetDependency section */
		90756E971DEDF9250054BB1D /* PBXTargetDependency */ = {
			isa = PBXTargetDependency;
			target = 90756E7B1DEDF9250054BB1D /* Hephaestus */;
			targetProxy = 90756E961DEDF9250054BB1D /* PBXContainerItemProxy */;
		};
		90756EA21DEDF9250054BB1D /* PBXTargetDependency */ = {
			isa = PBXTargetDependency;
			target = 90756E7B1DEDF9250054BB1D /* Hephaestus */;
			targetProxy = 90756EA11DEDF9250054BB1D /* PBXContainerItemProxy */;
		};
/* End PBXTargetDependency section */

/* Begin PBXVariantGroup section */
		90756E881DEDF9250054BB1D /* Main.storyboard */ = {
			isa = PBXVariantGroup;
			children = (
				90756E891DEDF9250054BB1D /* Base */,
			);
			name = Main.storyboard;
			sourceTree = "<group>";
		};
		90756E8D1DEDF9250054BB1D /* LaunchScreen.storyboard */ = {
			isa = PBXVariantGroup;
			children = (
				90756E8E1DEDF9250054BB1D /* Base */,
			);
			name = LaunchScreen.storyboard;
			sourceTree = "<group>";
		};
/* End PBXVariantGroup section */

/* Begin XCBuildConfiguration section */
		90756EA71DEDF9250054BB1D /* Debug */ = {
			isa = XCBuildConfiguration;
			buildSettings = {
				ALWAYS_SEARCH_USER_PATHS = NO;
				CLANG_ANALYZER_NONNULL = YES;
				CLANG_CXX_LANGUAGE_STANDARD = "gnu++0x";
				CLANG_CXX_LIBRARY = "libc++";
				CLANG_ENABLE_MODULES = YES;
				CLANG_ENABLE_OBJC_ARC = YES;
				CLANG_WARN_BOOL_CONVERSION = YES;
				CLANG_WARN_CONSTANT_CONVERSION = YES;
				CLANG_WARN_DIRECT_OBJC_ISA_USAGE = YES_ERROR;
				CLANG_WARN_DOCUMENTATION_COMMENTS = YES;
				CLANG_WARN_EMPTY_BODY = YES;
				CLANG_WARN_ENUM_CONVERSION = YES;
				CLANG_WARN_INFINITE_RECURSION = YES;
				CLANG_WARN_INT_CONVERSION = YES;
				CLANG_WARN_OBJC_ROOT_CLASS = YES_ERROR;
				CLANG_WARN_SUSPICIOUS_MOVE = YES;
				CLANG_WARN_SUSPICIOUS_MOVES = YES;
				CLANG_WARN_UNREACHABLE_CODE = YES;
				CLANG_WARN__DUPLICATE_METHOD_MATCH = YES;
				"CODE_SIGN_IDENTITY[sdk=iphoneos*]" = "iPhone Developer";
				COPY_PHASE_STRIP = NO;
				DEBUG_INFORMATION_FORMAT = dwarf;
				ENABLE_STRICT_OBJC_MSGSEND = YES;
				ENABLE_TESTABILITY = YES;
				GCC_C_LANGUAGE_STANDARD = gnu99;
				GCC_DYNAMIC_NO_PIC = NO;
				GCC_NO_COMMON_BLOCKS = YES;
				GCC_OPTIMIZATION_LEVEL = 0;
				GCC_PREPROCESSOR_DEFINITIONS = (
					"DEBUG=1",
					"$(inherited)",
				);
				GCC_WARN_64_TO_32_BIT_CONVERSION = YES;
				GCC_WARN_ABOUT_RETURN_TYPE = YES_ERROR;
				GCC_WARN_UNDECLARED_SELECTOR = YES;
				GCC_WARN_UNINITIALIZED_AUTOS = YES_AGGRESSIVE;
				GCC_WARN_UNUSED_FUNCTION = YES;
				GCC_WARN_UNUSED_VARIABLE = YES;
				IPHONEOS_DEPLOYMENT_TARGET = 10.1;
				MTL_ENABLE_DEBUG_INFO = YES;
				ONLY_ACTIVE_ARCH = YES;
				SDKROOT = iphoneos;
				TARGETED_DEVICE_FAMILY = "1,2";
			};
			name = Debug;
		};
		90756EA81DEDF9250054BB1D /* Release */ = {
			isa = XCBuildConfiguration;
			buildSettings = {
				ALWAYS_SEARCH_USER_PATHS = NO;
				CLANG_ANALYZER_NONNULL = YES;
				CLANG_CXX_LANGUAGE_STANDARD = "gnu++0x";
				CLANG_CXX_LIBRARY = "libc++";
				CLANG_ENABLE_MODULES = YES;
				CLANG_ENABLE_OBJC_ARC = YES;
				CLANG_WARN_BOOL_CONVERSION = YES;
				CLANG_WARN_CONSTANT_CONVERSION = YES;
				CLANG_WARN_DIRECT_OBJC_ISA_USAGE = YES_ERROR;
				CLANG_WARN_DOCUMENTATION_COMMENTS = YES;
				CLANG_WARN_EMPTY_BODY = YES;
				CLANG_WARN_ENUM_CONVERSION = YES;
				CLANG_WARN_INFINITE_RECURSION = YES;
				CLANG_WARN_INT_CONVERSION = YES;
				CLANG_WARN_OBJC_ROOT_CLASS = YES_ERROR;
				CLANG_WARN_SUSPICIOUS_MOVE = YES;
				CLANG_WARN_SUSPICIOUS_MOVES = YES;
				CLANG_WARN_UNREACHABLE_CODE = YES;
				CLANG_WARN__DUPLICATE_METHOD_MATCH = YES;
				"CODE_SIGN_IDENTITY[sdk=iphoneos*]" = "iPhone Developer";
				COPY_PHASE_STRIP = NO;
				DEBUG_INFORMATION_FORMAT = "dwarf-with-dsym";
				ENABLE_NS_ASSERTIONS = NO;
				ENABLE_STRICT_OBJC_MSGSEND = YES;
				GCC_C_LANGUAGE_STANDARD = gnu99;
				GCC_NO_COMMON_BLOCKS = YES;
				GCC_WARN_64_TO_32_BIT_CONVERSION = YES;
				GCC_WARN_ABOUT_RETURN_TYPE = YES_ERROR;
				GCC_WARN_UNDECLARED_SELECTOR = YES;
				GCC_WARN_UNINITIALIZED_AUTOS = YES_AGGRESSIVE;
				GCC_WARN_UNUSED_FUNCTION = YES;
				GCC_WARN_UNUSED_VARIABLE = YES;
				IPHONEOS_DEPLOYMENT_TARGET = 10.1;
				MTL_ENABLE_DEBUG_INFO = NO;
				SDKROOT = iphoneos;
				TARGETED_DEVICE_FAMILY = "1,2";
				VALIDATE_PRODUCT = YES;
			};
			name = Release;
		};
		90756EAA1DEDF9250054BB1D /* Debug */ = {
			isa = XCBuildConfiguration;
			baseConfigurationReference = E66DC84D3F4616E335B20006 /* Pods-Hephaestus.debug.xcconfig */;
			buildSettings = {
				ASSETCATALOG_COMPILER_APPICON_NAME = AppIcon;
				"CODE_SIGN_IDENTITY[sdk=iphoneos*]" = "iPhone Developer";
				DEVELOPMENT_TEAM = SU5GU9T977;
				INFOPLIST_FILE = Hephaestus/Info.plist;
				IPHONEOS_DEPLOYMENT_TARGET = 8.0;
				LD_RUNPATH_SEARCH_PATHS = "$(inherited) @executable_path/Frameworks";
				PRODUCT_BUNDLE_IDENTIFIER = com.JZ.Hephaestusss;
				PRODUCT_NAME = "$(TARGET_NAME)";
				TARGETED_DEVICE_FAMILY = 1;
			};
			name = Debug;
		};
		90756EAB1DEDF9250054BB1D /* Release */ = {
			isa = XCBuildConfiguration;
			baseConfigurationReference = 8A14EC27A4E47B5526DBA16F /* Pods-Hephaestus.release.xcconfig */;
			buildSettings = {
				ASSETCATALOG_COMPILER_APPICON_NAME = AppIcon;
				"CODE_SIGN_IDENTITY[sdk=iphoneos*]" = "iPhone Developer";
				DEVELOPMENT_TEAM = SU5GU9T977;
				INFOPLIST_FILE = Hephaestus/Info.plist;
				IPHONEOS_DEPLOYMENT_TARGET = 8.0;
				LD_RUNPATH_SEARCH_PATHS = "$(inherited) @executable_path/Frameworks";
				PRODUCT_BUNDLE_IDENTIFIER = com.JZ.Hephaestusss;
				PRODUCT_NAME = "$(TARGET_NAME)";
				TARGETED_DEVICE_FAMILY = 1;
			};
			name = Release;
		};
		90756EAD1DEDF9250054BB1D /* Debug */ = {
			isa = XCBuildConfiguration;
			buildSettings = {
				BUNDLE_LOADER = "$(TEST_HOST)";
				DEVELOPMENT_TEAM = SU5GU9T977;
				INFOPLIST_FILE = HephaestusTests/Info.plist;
				LD_RUNPATH_SEARCH_PATHS = "$(inherited) @executable_path/Frameworks @loader_path/Frameworks";
				PRODUCT_BUNDLE_IDENTIFIER = com.JZ.HephaestusTests;
				PRODUCT_NAME = "$(TARGET_NAME)";
				TEST_HOST = "$(BUILT_PRODUCTS_DIR)/Hephaestus.app/Hephaestus";
			};
			name = Debug;
		};
		90756EAE1DEDF9250054BB1D /* Release */ = {
			isa = XCBuildConfiguration;
			buildSettings = {
				BUNDLE_LOADER = "$(TEST_HOST)";
				DEVELOPMENT_TEAM = SU5GU9T977;
				INFOPLIST_FILE = HephaestusTests/Info.plist;
				LD_RUNPATH_SEARCH_PATHS = "$(inherited) @executable_path/Frameworks @loader_path/Frameworks";
				PRODUCT_BUNDLE_IDENTIFIER = com.JZ.HephaestusTests;
				PRODUCT_NAME = "$(TARGET_NAME)";
				TEST_HOST = "$(BUILT_PRODUCTS_DIR)/Hephaestus.app/Hephaestus";
			};
			name = Release;
		};
		90756EB01DEDF9250054BB1D /* Debug */ = {
			isa = XCBuildConfiguration;
			buildSettings = {
				DEVELOPMENT_TEAM = SU5GU9T977;
				INFOPLIST_FILE = HephaestusUITests/Info.plist;
				LD_RUNPATH_SEARCH_PATHS = "$(inherited) @executable_path/Frameworks @loader_path/Frameworks";
				PRODUCT_BUNDLE_IDENTIFIER = com.JZ.HephaestusUITests;
				PRODUCT_NAME = "$(TARGET_NAME)";
				TEST_TARGET_NAME = Hephaestus;
			};
			name = Debug;
		};
		90756EB11DEDF9250054BB1D /* Release */ = {
			isa = XCBuildConfiguration;
			buildSettings = {
				DEVELOPMENT_TEAM = SU5GU9T977;
				INFOPLIST_FILE = HephaestusUITests/Info.plist;
				LD_RUNPATH_SEARCH_PATHS = "$(inherited) @executable_path/Frameworks @loader_path/Frameworks";
				PRODUCT_BUNDLE_IDENTIFIER = com.JZ.HephaestusUITests;
				PRODUCT_NAME = "$(TARGET_NAME)";
				TEST_TARGET_NAME = Hephaestus;
			};
			name = Release;
		};
/* End XCBuildConfiguration section */

/* Begin XCConfigurationList section */
		90756E771DEDF9250054BB1D /* Build configuration list for PBXProject "Hephaestus" */ = {
			isa = XCConfigurationList;
			buildConfigurations = (
				90756EA71DEDF9250054BB1D /* Debug */,
				90756EA81DEDF9250054BB1D /* Release */,
			);
			defaultConfigurationIsVisible = 0;
			defaultConfigurationName = Release;
		};
		90756EA91DEDF9250054BB1D /* Build configuration list for PBXNativeTarget "Hephaestus" */ = {
			isa = XCConfigurationList;
			buildConfigurations = (
				90756EAA1DEDF9250054BB1D /* Debug */,
				90756EAB1DEDF9250054BB1D /* Release */,
			);
			defaultConfigurationIsVisible = 0;
			defaultConfigurationName = Release;
		};
		90756EAC1DEDF9250054BB1D /* Build configuration list for PBXNativeTarget "HephaestusTests" */ = {
			isa = XCConfigurationList;
			buildConfigurations = (
				90756EAD1DEDF9250054BB1D /* Debug */,
				90756EAE1DEDF9250054BB1D /* Release */,
			);
			defaultConfigurationIsVisible = 0;
			defaultConfigurationName = Release;
		};
		90756EAF1DEDF9250054BB1D /* Build configuration list for PBXNativeTarget "HephaestusUITests" */ = {
			isa = XCConfigurationList;
			buildConfigurations = (
				90756EB01DEDF9250054BB1D /* Debug */,
				90756EB11DEDF9250054BB1D /* Release */,
			);
			defaultConfigurationIsVisible = 0;
			defaultConfigurationName = Release;
		};
/* End XCConfigurationList section */
	};
	rootObject = 90756E741DEDF9250054BB1D /* Project object */;
}
